// !$*UTF8*$!
{
	archiveVersion = 1;
	classes = {
	};
	objectVersion = 55;
	objects = {

/* Begin PBXBuildFile section */
		BB0492502923F60D00B136AB /* LoadResourcePresenter.swift in Sources */ = {isa = PBXBuildFile; fileRef = BB04924F2923F60D00B136AB /* LoadResourcePresenter.swift */; };
		BB0492522923F63400B136AB /* ResourceLoadingView.swift in Sources */ = {isa = PBXBuildFile; fileRef = BB0492512923F63400B136AB /* ResourceLoadingView.swift */; };
		BB0492542923F65E00B136AB /* ResourceErrorView.swift in Sources */ = {isa = PBXBuildFile; fileRef = BB0492532923F65E00B136AB /* ResourceErrorView.swift */; };
		BB0492592923F80D00B136AB /* Shared.strings in Resources */ = {isa = PBXBuildFile; fileRef = BB04925B2923F80D00B136AB /* Shared.strings */; };
		BB04925F2923FAF800B136AB /* ArtworkPresenter.swift in Sources */ = {isa = PBXBuildFile; fileRef = BB04925E2923FAF800B136AB /* ArtworkPresenter.swift */; };
		BB0492622923FB1600B136AB /* ArtworkPresenterTests.swift in Sources */ = {isa = PBXBuildFile; fileRef = BB0492612923FB1600B136AB /* ArtworkPresenterTests.swift */; };
		BB0492652923FB6700B136AB /* Artworks.strings in Resources */ = {isa = PBXBuildFile; fileRef = BB0492672923FB6700B136AB /* Artworks.strings */; };
		BB04928A2924033000B136AB /* Essential_Art_iOS.framework in Frameworks */ = {isa = PBXBuildFile; fileRef = BB04927A292401F000B136AB /* Essential_Art_iOS.framework */; };
		BB0492922924035A00B136AB /* ListSnapshotTests.swift in Sources */ = {isa = PBXBuildFile; fileRef = BB0492912924035A00B136AB /* ListSnapshotTests.swift */; };
		BB0492952924038400B136AB /* UIImage+TestHelpers.swift in Sources */ = {isa = PBXBuildFile; fileRef = BB0492942924038400B136AB /* UIImage+TestHelpers.swift */; };
		BB0492972924039D00B136AB /* UIViewController+Snapshot.swift in Sources */ = {isa = PBXBuildFile; fileRef = BB0492962924039D00B136AB /* UIViewController+Snapshot.swift */; };
		BB049299292403AE00B136AB /* XCTestCase+Snapshot.swift in Sources */ = {isa = PBXBuildFile; fileRef = BB049298292403AE00B136AB /* XCTestCase+Snapshot.swift */; };
		BB04929B292404E100B136AB /* Essential_Art.framework in Frameworks */ = {isa = PBXBuildFile; fileRef = BB5EDFD8291640B200D6A84C /* Essential_Art.framework */; };
		BB04929C292404E100B136AB /* Essential_Art.framework in Embed Frameworks */ = {isa = PBXBuildFile; fileRef = BB5EDFD8291640B200D6A84C /* Essential_Art.framework */; settings = {ATTRIBUTES = (CodeSignOnCopy, RemoveHeadersOnCopy, ); }; };
		BB0492A1292418BF00B136AB /* ListViewController.swift in Sources */ = {isa = PBXBuildFile; fileRef = BB0492A0292418BF00B136AB /* ListViewController.swift */; };
		BB0492A529241A5800B136AB /* EMPTY_LIST_dark.png in Resources */ = {isa = PBXBuildFile; fileRef = BB0492A329241A5800B136AB /* EMPTY_LIST_dark.png */; };
		BB0492A629241A5800B136AB /* EMPTY_LIST_light.png in Resources */ = {isa = PBXBuildFile; fileRef = BB0492A429241A5800B136AB /* EMPTY_LIST_light.png */; };
		BB0492AA29241B2100B136AB /* LIST_WITH_ERROR_MESSAGE_dark.png in Resources */ = {isa = PBXBuildFile; fileRef = BB0492A729241B2100B136AB /* LIST_WITH_ERROR_MESSAGE_dark.png */; };
		BB0492AB29241B2100B136AB /* LIST_WITH_ERROR_MESSAGE_light_extraExtraExtraLarge.png in Resources */ = {isa = PBXBuildFile; fileRef = BB0492A829241B2100B136AB /* LIST_WITH_ERROR_MESSAGE_light_extraExtraExtraLarge.png */; };
		BB0492AC29241B2100B136AB /* LIST_WITH_ERROR_MESSAGE_light.png in Resources */ = {isa = PBXBuildFile; fileRef = BB0492A929241B2100B136AB /* LIST_WITH_ERROR_MESSAGE_light.png */; };
		BB0492AF29241B9B00B136AB /* ErrorView.swift in Sources */ = {isa = PBXBuildFile; fileRef = BB0492AE29241B9B00B136AB /* ErrorView.swift */; };
		BB0492B22924CA6900B136AB /* UIView+Extensions.swift in Sources */ = {isa = PBXBuildFile; fileRef = BB0492B12924CA6900B136AB /* UIView+Extensions.swift */; };
		BB0492B72924D13A00B136AB /* ArtworsSnapshotTests.swift in Sources */ = {isa = PBXBuildFile; fileRef = BB0492B42924D0DD00B136AB /* ArtworsSnapshotTests.swift */; };
		BB0492B92924D15F00B136AB /* ArtworksController.swift in Sources */ = {isa = PBXBuildFile; fileRef = BB0492B82924D15F00B136AB /* ArtworksController.swift */; };
		BB0492BD2924D7F400B136AB /* ArworkItemCell.swift in Sources */ = {isa = PBXBuildFile; fileRef = BB0492BC2924D7F400B136AB /* ArworkItemCell.swift */; };
		BB0492BF2924D82400B136AB /* ArtworkItemCellController.swift in Sources */ = {isa = PBXBuildFile; fileRef = BB0492BE2924D82400B136AB /* ArtworkItemCellController.swift */; };
		BB0492C12924D87400B136AB /* ArworkItemViewModel.swift in Sources */ = {isa = PBXBuildFile; fileRef = BB0492C02924D87400B136AB /* ArworkItemViewModel.swift */; };
		BB0492C42924DC5000B136AB /* UIImageView+Animations.swift in Sources */ = {isa = PBXBuildFile; fileRef = BB0492C32924DC5000B136AB /* UIImageView+Animations.swift */; };
		BB0492C62924DC6900B136AB /* UIView+Shimmering.swift in Sources */ = {isa = PBXBuildFile; fileRef = BB0492C52924DC6900B136AB /* UIView+Shimmering.swift */; };
		BB0492D3292543C700B136AB /* UIImageView+TestHelpers.swift in Sources */ = {isa = PBXBuildFile; fileRef = BB0492D2292543C700B136AB /* UIImageView+TestHelpers.swift */; };
		BB0492D82925447400B136AB /* ARTWORKS_WITH_CONTENT_light.png in Resources */ = {isa = PBXBuildFile; fileRef = BB0492D52925447400B136AB /* ARTWORKS_WITH_CONTENT_light.png */; };
		BB0492D92925447400B136AB /* ARTWORKS_WITH_CONTENT_dark.png in Resources */ = {isa = PBXBuildFile; fileRef = BB0492D62925447400B136AB /* ARTWORKS_WITH_CONTENT_dark.png */; };
		BB0492DA2925447400B136AB /* ARTWORKS_WITH_CONTENT_light_extraExtraExtraLarge.png in Resources */ = {isa = PBXBuildFile; fileRef = BB0492D72925447400B136AB /* ARTWORKS_WITH_CONTENT_light_extraExtraExtraLarge.png */; };
		BB0492DC2925679000B136AB /* UIStackView+Extensions.swift in Sources */ = {isa = PBXBuildFile; fileRef = BB0492DB2925679000B136AB /* UIStackView+Extensions.swift */; };
		BB0492DF29256A1900B136AB /* ARTWORKS_WITH_FAILED_IMAGE_LOADING_light.png in Resources */ = {isa = PBXBuildFile; fileRef = BB0492DD29256A1900B136AB /* ARTWORKS_WITH_FAILED_IMAGE_LOADING_light.png */; };
		BB0492E029256A1900B136AB /* ARTWORKS_WITH_FAILED_IMAGE_LOADING_dark.png in Resources */ = {isa = PBXBuildFile; fileRef = BB0492DE29256A1900B136AB /* ARTWORKS_WITH_FAILED_IMAGE_LOADING_dark.png */; };
		BB0492E22925764000B136AB /* LoadMoreCell.swift in Sources */ = {isa = PBXBuildFile; fileRef = BB0492E12925764000B136AB /* LoadMoreCell.swift */; };
		BB0492E4292576A400B136AB /* LoadMoreCellController.swift in Sources */ = {isa = PBXBuildFile; fileRef = BB0492E3292576A400B136AB /* LoadMoreCellController.swift */; };
		BB0492E72925785D00B136AB /* ARTWORKS_WITH_LOAD_MORE_INDICATOR_dark.png in Resources */ = {isa = PBXBuildFile; fileRef = BB0492E52925785D00B136AB /* ARTWORKS_WITH_LOAD_MORE_INDICATOR_dark.png */; };
		BB0492E82925785D00B136AB /* ARTWORKS_WITH_LOAD_MORE_INDICATOR_light.png in Resources */ = {isa = PBXBuildFile; fileRef = BB0492E62925785D00B136AB /* ARTWORKS_WITH_LOAD_MORE_INDICATOR_light.png */; };
		BB0492EC2925792C00B136AB /* ARTWORKS_WITH_LOAD_MORE_ERROR_dark.png in Resources */ = {isa = PBXBuildFile; fileRef = BB0492E92925792C00B136AB /* ARTWORKS_WITH_LOAD_MORE_ERROR_dark.png */; };
		BB0492ED2925792C00B136AB /* ARTWORKS_WITH_LOAD_MORE_ERROR_extraExtraExtraLarge.png in Resources */ = {isa = PBXBuildFile; fileRef = BB0492EA2925792C00B136AB /* ARTWORKS_WITH_LOAD_MORE_ERROR_extraExtraExtraLarge.png */; };
		BB0492EE2925792C00B136AB /* ARTWORKS_WITH_LOAD_MORE_ERROR_light.png in Resources */ = {isa = PBXBuildFile; fileRef = BB0492EB2925792C00B136AB /* ARTWORKS_WITH_LOAD_MORE_ERROR_light.png */; };
		BB04930F2926C0E900B136AB /* UITableView+Extensions.swift in Sources */ = {isa = PBXBuildFile; fileRef = BB04930E2926C0E900B136AB /* UITableView+Extensions.swift */; };
		BB5EDFE4291640D800D6A84C /* HTTPClient.swift in Sources */ = {isa = PBXBuildFile; fileRef = BB5EDFE3291640D800D6A84C /* HTTPClient.swift */; };
		BB5EDFF62916431B00D6A84C /* URLSessionHTTPClient.swift in Sources */ = {isa = PBXBuildFile; fileRef = BB5EDFF52916431B00D6A84C /* URLSessionHTTPClient.swift */; };
		BB5EE00F2916449600D6A84C /* Essential_Art.framework in Frameworks */ = {isa = PBXBuildFile; fileRef = BB5EDFD8291640B200D6A84C /* Essential_Art.framework */; };
		BB5EE017291644C200D6A84C /* URLSessionHTTPClientTests.swift in Sources */ = {isa = PBXBuildFile; fileRef = BB5EE016291644C200D6A84C /* URLSessionHTTPClientTests.swift */; };
		BB5EE01A2916629400D6A84C /* URLProtocolStub.swift in Sources */ = {isa = PBXBuildFile; fileRef = BB5EE0192916629400D6A84C /* URLProtocolStub.swift */; };
		BB5EE01F29183F5700D6A84C /* ArticEndpoint.swift in Sources */ = {isa = PBXBuildFile; fileRef = BB5EE01E29183F5700D6A84C /* ArticEndpoint.swift */; };
		BB5EE02229183F7D00D6A84C /* Artwork.swift in Sources */ = {isa = PBXBuildFile; fileRef = BB5EE02129183F7D00D6A84C /* Artwork.swift */; };
		BB5EE02529183FF800D6A84C /* ArticEndpointTests.swift in Sources */ = {isa = PBXBuildFile; fileRef = BB5EE02429183FF800D6A84C /* ArticEndpointTests.swift */; };
		BB5EE027291843B200D6A84C /* ArtworkMapper.swift in Sources */ = {isa = PBXBuildFile; fileRef = BB5EE026291843B200D6A84C /* ArtworkMapper.swift */; };
		BB5EE029291843E600D6A84C /* ArtworkMapperTests.swift in Sources */ = {isa = PBXBuildFile; fileRef = BB5EE028291843E600D6A84C /* ArtworkMapperTests.swift */; };
		BB5EE02E2919A36F00D6A84C /* XCTestCase+MemoryLeakTracking.swift in Sources */ = {isa = PBXBuildFile; fileRef = BB5EE02D2919A36F00D6A84C /* XCTestCase+MemoryLeakTracking.swift */; };
		BB5EE052291C37EB00D6A84C /* Essential_Art_API_EndToEnd_Tests.swift in Sources */ = {isa = PBXBuildFile; fileRef = BB5EE051291C37EB00D6A84C /* Essential_Art_API_EndToEnd_Tests.swift */; };
		BB5EE053291C37EB00D6A84C /* Essential_Art.framework in Frameworks */ = {isa = PBXBuildFile; fileRef = BB5EDFD8291640B200D6A84C /* Essential_Art.framework */; };
		BB5EE05A291CE5AD00D6A84C /* ArticImageDataMapper.swift in Sources */ = {isa = PBXBuildFile; fileRef = BB5EE059291CE5AD00D6A84C /* ArticImageDataMapper.swift */; };
		BB5EE05F291D9BF800D6A84C /* CacheArtworksUseCaseTests.swift in Sources */ = {isa = PBXBuildFile; fileRef = BB5EE05E291D9BF800D6A84C /* CacheArtworksUseCaseTests.swift */; };
		BB5EE061291E98A000D6A84C /* LoadArtworksFromCacheUseCaseTests.swift in Sources */ = {isa = PBXBuildFile; fileRef = BB5EE060291E98A000D6A84C /* LoadArtworksFromCacheUseCaseTests.swift */; };
		BB5EE063291E9C4300D6A84C /* SharedTestHelpers.swift in Sources */ = {isa = PBXBuildFile; fileRef = BB5EE062291E9C4300D6A84C /* SharedTestHelpers.swift */; };
		BB5EE066291EB3F400D6A84C /* ArtworksCacheHelpers.swift in Sources */ = {isa = PBXBuildFile; fileRef = BB5EE065291EB3F400D6A84C /* ArtworksCacheHelpers.swift */; };
		BB5EE069291EDD6D00D6A84C /* LocalArtwork.swift in Sources */ = {isa = PBXBuildFile; fileRef = BB5EE068291EDD6D00D6A84C /* LocalArtwork.swift */; };
		BB5EE06B291EDD8600D6A84C /* ArtworksStore.swift in Sources */ = {isa = PBXBuildFile; fileRef = BB5EE06A291EDD8600D6A84C /* ArtworksStore.swift */; };
		BB5EE06D291EDDCE00D6A84C /* LocalArtworksLoader.swift in Sources */ = {isa = PBXBuildFile; fileRef = BB5EE06C291EDDCE00D6A84C /* LocalArtworksLoader.swift */; };
		BB5EE06F291EDDE000D6A84C /* ArtworksCachePolicy.swift in Sources */ = {isa = PBXBuildFile; fileRef = BB5EE06E291EDDE000D6A84C /* ArtworksCachePolicy.swift */; };
		BB5EE071291EDEAB00D6A84C /* ArtworksStoreSpy.swift in Sources */ = {isa = PBXBuildFile; fileRef = BB5EE070291EDEAB00D6A84C /* ArtworksStoreSpy.swift */; };
		BB5EE073291F9ACD00D6A84C /* ValidateArtworksCacheUseCaseTests.swift in Sources */ = {isa = PBXBuildFile; fileRef = BB5EE072291F9ACD00D6A84C /* ValidateArtworksCacheUseCaseTests.swift */; };
		BB5EE075291FA4F800D6A84C /* CoreDataArtworksStoreTests.swift in Sources */ = {isa = PBXBuildFile; fileRef = BB5EE074291FA4F800D6A84C /* CoreDataArtworksStoreTests.swift */; };
		BB5EE079291FC68500D6A84C /* ManagedArtworksCache.swift in Sources */ = {isa = PBXBuildFile; fileRef = BB5EE078291FC68500D6A84C /* ManagedArtworksCache.swift */; };
		BB5EE07C291FC70700D6A84C /* ArtworksStore.xcdatamodeld in Sources */ = {isa = PBXBuildFile; fileRef = BB5EE07A291FC70700D6A84C /* ArtworksStore.xcdatamodeld */; };
		BB5EE07E2920122A00D6A84C /* CoreDataArtworksStore.swift in Sources */ = {isa = PBXBuildFile; fileRef = BB5EE07D2920122A00D6A84C /* CoreDataArtworksStore.swift */; };
		BB5EE0802920128E00D6A84C /* ManagedArtwork.swift in Sources */ = {isa = PBXBuildFile; fileRef = BB5EE07F2920128E00D6A84C /* ManagedArtwork.swift */; };
		BB5EE082292012C000D6A84C /* CoreDataHelpers.swift in Sources */ = {isa = PBXBuildFile; fileRef = BB5EE081292012C000D6A84C /* CoreDataHelpers.swift */; };
		BB5EE084292012F000D6A84C /* CoreDataArtworksStore+ArtworksStore.swift in Sources */ = {isa = PBXBuildFile; fileRef = BB5EE083292012F000D6A84C /* CoreDataArtworksStore+ArtworksStore.swift */; };
		BB5EE08F2922966900D6A84C /* Essential_Art_Cache_Integration_Tests.swift in Sources */ = {isa = PBXBuildFile; fileRef = BB5EE08E2922966900D6A84C /* Essential_Art_Cache_Integration_Tests.swift */; };
		BB5EE0902922966900D6A84C /* Essential_Art.framework in Frameworks */ = {isa = PBXBuildFile; fileRef = BB5EDFD8291640B200D6A84C /* Essential_Art.framework */; };
		BB5EE0962922992800D6A84C /* ArtworksCacheHelpers.swift in Sources */ = {isa = PBXBuildFile; fileRef = BB5EE065291EB3F400D6A84C /* ArtworksCacheHelpers.swift */; };
		BB5EE097292299C000D6A84C /* SharedTestHelpers.swift in Sources */ = {isa = PBXBuildFile; fileRef = BB5EE062291E9C4300D6A84C /* SharedTestHelpers.swift */; };
		BB5EE09A2923EAA800D6A84C /* LoadResourcePresenterTests.swift in Sources */ = {isa = PBXBuildFile; fileRef = BB5EE0992923EAA800D6A84C /* LoadResourcePresenterTests.swift */; };
		BB6DCDF9292CB90B00D2AB06 /* Essential Art Image Cache Integration Tests.swift in Sources */ = {isa = PBXBuildFile; fileRef = BB6DCDF8292CB90B00D2AB06 /* Essential Art Image Cache Integration Tests.swift */; };
		BB6DCDFB292CC34D00D2AB06 /* XCTestCase+ArtworkIntegrationTests.swift in Sources */ = {isa = PBXBuildFile; fileRef = BB6DCDFA292CC34D00D2AB06 /* XCTestCase+ArtworkIntegrationTests.swift */; };
		BB6DCDFE292CCE4600D2AB06 /* ArtworkImageMapperTests.swift in Sources */ = {isa = PBXBuildFile; fileRef = BB6DCDFD292CCE4600D2AB06 /* ArtworkImageMapperTests.swift */; };
		BB9AEB0B292ABBB000294B3F /* Paginated.swift in Sources */ = {isa = PBXBuildFile; fileRef = BB9AEB0A292ABBB000294B3F /* Paginated.swift */; };
		BB9AEB0D292ACB1600294B3F /* ArtworkImagePresenter.swift in Sources */ = {isa = PBXBuildFile; fileRef = BB9AEB0C292ACB1600294B3F /* ArtworkImagePresenter.swift */; };
		BB9AEB17292B8D6E00294B3F /* UIRefreshControl+Helpers.swift in Sources */ = {isa = PBXBuildFile; fileRef = BB9AEB16292B8D6E00294B3F /* UIRefreshControl+Helpers.swift */; };
		BB9AEB23292C0A1B00294B3F /* ArtworksCache.swift in Sources */ = {isa = PBXBuildFile; fileRef = BB9AEB22292C0A1B00294B3F /* ArtworksCache.swift */; };
		BB9AEB31292C180E00294B3F /* URLCache+ArtworkImageStore.swift in Sources */ = {isa = PBXBuildFile; fileRef = BB9AEB30292C180E00294B3F /* URLCache+ArtworkImageStore.swift */; };
		BB9AEB37292C1F0E00294B3F /* ArtworkImageCache.swift in Sources */ = {isa = PBXBuildFile; fileRef = BB9AEB36292C1F0E00294B3F /* ArtworkImageCache.swift */; };
/* End PBXBuildFile section */

/* Begin PBXContainerItemProxy section */
		BB04928B2924033000B136AB /* PBXContainerItemProxy */ = {
			isa = PBXContainerItemProxy;
			containerPortal = BB5EDFCF291640B200D6A84C /* Project object */;
			proxyType = 1;
			remoteGlobalIDString = BB049279292401F000B136AB;
			remoteInfo = "Essential Art iOS";
		};
		BB04929D292404E100B136AB /* PBXContainerItemProxy */ = {
			isa = PBXContainerItemProxy;
			containerPortal = BB5EDFCF291640B200D6A84C /* Project object */;
			proxyType = 1;
			remoteGlobalIDString = BB5EDFD7291640B200D6A84C;
			remoteInfo = "Essential Art";
		};
		BB5EE0102916449600D6A84C /* PBXContainerItemProxy */ = {
			isa = PBXContainerItemProxy;
			containerPortal = BB5EDFCF291640B200D6A84C /* Project object */;
			proxyType = 1;
			remoteGlobalIDString = BB5EDFD7291640B200D6A84C;
			remoteInfo = "Essential Art";
		};
		BB5EE054291C37EB00D6A84C /* PBXContainerItemProxy */ = {
			isa = PBXContainerItemProxy;
			containerPortal = BB5EDFCF291640B200D6A84C /* Project object */;
			proxyType = 1;
			remoteGlobalIDString = BB5EDFD7291640B200D6A84C;
			remoteInfo = "Essential Art";
		};
		BB5EE0912922966900D6A84C /* PBXContainerItemProxy */ = {
			isa = PBXContainerItemProxy;
			containerPortal = BB5EDFCF291640B200D6A84C /* Project object */;
			proxyType = 1;
			remoteGlobalIDString = BB5EDFD7291640B200D6A84C;
			remoteInfo = "Essential Art";
		};
/* End PBXContainerItemProxy section */

/* Begin PBXCopyFilesBuildPhase section */
		BB04929F292404E100B136AB /* Embed Frameworks */ = {
			isa = PBXCopyFilesBuildPhase;
			buildActionMask = 2147483647;
			dstPath = "";
			dstSubfolderSpec = 10;
			files = (
				BB04929C292404E100B136AB /* Essential_Art.framework in Embed Frameworks */,
			);
			name = "Embed Frameworks";
			runOnlyForDeploymentPostprocessing = 0;
		};
/* End PBXCopyFilesBuildPhase section */

/* Begin PBXFileReference section */
		BB04924F2923F60D00B136AB /* LoadResourcePresenter.swift */ = {isa = PBXFileReference; lastKnownFileType = sourcecode.swift; path = LoadResourcePresenter.swift; sourceTree = "<group>"; };
		BB0492512923F63400B136AB /* ResourceLoadingView.swift */ = {isa = PBXFileReference; lastKnownFileType = sourcecode.swift; path = ResourceLoadingView.swift; sourceTree = "<group>"; };
		BB0492532923F65E00B136AB /* ResourceErrorView.swift */ = {isa = PBXFileReference; lastKnownFileType = sourcecode.swift; path = ResourceErrorView.swift; sourceTree = "<group>"; };
		BB04925A2923F80D00B136AB /* en */ = {isa = PBXFileReference; lastKnownFileType = text.plist.strings; name = en; path = en.lproj/Shared.strings; sourceTree = "<group>"; };
		BB04925C2923F81000B136AB /* uk */ = {isa = PBXFileReference; lastKnownFileType = text.plist.strings; name = uk; path = uk.lproj/Shared.strings; sourceTree = "<group>"; };
		BB04925E2923FAF800B136AB /* ArtworkPresenter.swift */ = {isa = PBXFileReference; lastKnownFileType = sourcecode.swift; path = ArtworkPresenter.swift; sourceTree = "<group>"; };
		BB0492612923FB1600B136AB /* ArtworkPresenterTests.swift */ = {isa = PBXFileReference; lastKnownFileType = sourcecode.swift; path = ArtworkPresenterTests.swift; sourceTree = "<group>"; };
		BB0492662923FB6700B136AB /* en */ = {isa = PBXFileReference; lastKnownFileType = text.plist.strings; name = en; path = en.lproj/Artworks.strings; sourceTree = "<group>"; };
		BB0492682923FB6A00B136AB /* uk */ = {isa = PBXFileReference; lastKnownFileType = text.plist.strings; name = uk; path = uk.lproj/Artworks.strings; sourceTree = "<group>"; };
		BB04927A292401F000B136AB /* Essential_Art_iOS.framework */ = {isa = PBXFileReference; explicitFileType = wrapper.framework; includeInIndex = 0; path = Essential_Art_iOS.framework; sourceTree = BUILT_PRODUCTS_DIR; };
		BB0492862924033000B136AB /* Essential Art iOS Tests.xctest */ = {isa = PBXFileReference; explicitFileType = wrapper.cfbundle; includeInIndex = 0; path = "Essential Art iOS Tests.xctest"; sourceTree = BUILT_PRODUCTS_DIR; };
		BB0492912924035A00B136AB /* ListSnapshotTests.swift */ = {isa = PBXFileReference; lastKnownFileType = sourcecode.swift; path = ListSnapshotTests.swift; sourceTree = "<group>"; };
		BB0492942924038400B136AB /* UIImage+TestHelpers.swift */ = {isa = PBXFileReference; lastKnownFileType = sourcecode.swift; path = "UIImage+TestHelpers.swift"; sourceTree = "<group>"; };
		BB0492962924039D00B136AB /* UIViewController+Snapshot.swift */ = {isa = PBXFileReference; lastKnownFileType = sourcecode.swift; path = "UIViewController+Snapshot.swift"; sourceTree = "<group>"; };
		BB049298292403AE00B136AB /* XCTestCase+Snapshot.swift */ = {isa = PBXFileReference; lastKnownFileType = sourcecode.swift; path = "XCTestCase+Snapshot.swift"; sourceTree = "<group>"; };
		BB0492A0292418BF00B136AB /* ListViewController.swift */ = {isa = PBXFileReference; lastKnownFileType = sourcecode.swift; path = ListViewController.swift; sourceTree = "<group>"; };
		BB0492A329241A5800B136AB /* EMPTY_LIST_dark.png */ = {isa = PBXFileReference; lastKnownFileType = image.png; path = EMPTY_LIST_dark.png; sourceTree = "<group>"; };
		BB0492A429241A5800B136AB /* EMPTY_LIST_light.png */ = {isa = PBXFileReference; lastKnownFileType = image.png; path = EMPTY_LIST_light.png; sourceTree = "<group>"; };
		BB0492A729241B2100B136AB /* LIST_WITH_ERROR_MESSAGE_dark.png */ = {isa = PBXFileReference; lastKnownFileType = image.png; path = LIST_WITH_ERROR_MESSAGE_dark.png; sourceTree = "<group>"; };
		BB0492A829241B2100B136AB /* LIST_WITH_ERROR_MESSAGE_light_extraExtraExtraLarge.png */ = {isa = PBXFileReference; lastKnownFileType = image.png; path = LIST_WITH_ERROR_MESSAGE_light_extraExtraExtraLarge.png; sourceTree = "<group>"; };
		BB0492A929241B2100B136AB /* LIST_WITH_ERROR_MESSAGE_light.png */ = {isa = PBXFileReference; lastKnownFileType = image.png; path = LIST_WITH_ERROR_MESSAGE_light.png; sourceTree = "<group>"; };
		BB0492AE29241B9B00B136AB /* ErrorView.swift */ = {isa = PBXFileReference; lastKnownFileType = sourcecode.swift; path = ErrorView.swift; sourceTree = "<group>"; };
		BB0492B12924CA6900B136AB /* UIView+Extensions.swift */ = {isa = PBXFileReference; lastKnownFileType = sourcecode.swift; path = "UIView+Extensions.swift"; sourceTree = "<group>"; };
		BB0492B42924D0DD00B136AB /* ArtworsSnapshotTests.swift */ = {isa = PBXFileReference; lastKnownFileType = sourcecode.swift; path = ArtworsSnapshotTests.swift; sourceTree = "<group>"; };
		BB0492B82924D15F00B136AB /* ArtworksController.swift */ = {isa = PBXFileReference; lastKnownFileType = sourcecode.swift; path = ArtworksController.swift; sourceTree = "<group>"; };
		BB0492BC2924D7F400B136AB /* ArworkItemCell.swift */ = {isa = PBXFileReference; lastKnownFileType = sourcecode.swift; path = ArworkItemCell.swift; sourceTree = "<group>"; };
		BB0492BE2924D82400B136AB /* ArtworkItemCellController.swift */ = {isa = PBXFileReference; lastKnownFileType = sourcecode.swift; path = ArtworkItemCellController.swift; sourceTree = "<group>"; };
		BB0492C02924D87400B136AB /* ArworkItemViewModel.swift */ = {isa = PBXFileReference; lastKnownFileType = sourcecode.swift; path = ArworkItemViewModel.swift; sourceTree = "<group>"; };
		BB0492C32924DC5000B136AB /* UIImageView+Animations.swift */ = {isa = PBXFileReference; lastKnownFileType = sourcecode.swift; path = "UIImageView+Animations.swift"; sourceTree = "<group>"; };
		BB0492C52924DC6900B136AB /* UIView+Shimmering.swift */ = {isa = PBXFileReference; lastKnownFileType = sourcecode.swift; path = "UIView+Shimmering.swift"; sourceTree = "<group>"; };
		BB0492D2292543C700B136AB /* UIImageView+TestHelpers.swift */ = {isa = PBXFileReference; lastKnownFileType = sourcecode.swift; path = "UIImageView+TestHelpers.swift"; sourceTree = "<group>"; };
		BB0492D52925447400B136AB /* ARTWORKS_WITH_CONTENT_light.png */ = {isa = PBXFileReference; lastKnownFileType = image.png; path = ARTWORKS_WITH_CONTENT_light.png; sourceTree = "<group>"; };
		BB0492D62925447400B136AB /* ARTWORKS_WITH_CONTENT_dark.png */ = {isa = PBXFileReference; lastKnownFileType = image.png; path = ARTWORKS_WITH_CONTENT_dark.png; sourceTree = "<group>"; };
		BB0492D72925447400B136AB /* ARTWORKS_WITH_CONTENT_light_extraExtraExtraLarge.png */ = {isa = PBXFileReference; lastKnownFileType = image.png; path = ARTWORKS_WITH_CONTENT_light_extraExtraExtraLarge.png; sourceTree = "<group>"; };
		BB0492DB2925679000B136AB /* UIStackView+Extensions.swift */ = {isa = PBXFileReference; lastKnownFileType = sourcecode.swift; path = "UIStackView+Extensions.swift"; sourceTree = "<group>"; };
		BB0492DD29256A1900B136AB /* ARTWORKS_WITH_FAILED_IMAGE_LOADING_light.png */ = {isa = PBXFileReference; lastKnownFileType = image.png; path = ARTWORKS_WITH_FAILED_IMAGE_LOADING_light.png; sourceTree = "<group>"; };
		BB0492DE29256A1900B136AB /* ARTWORKS_WITH_FAILED_IMAGE_LOADING_dark.png */ = {isa = PBXFileReference; lastKnownFileType = image.png; path = ARTWORKS_WITH_FAILED_IMAGE_LOADING_dark.png; sourceTree = "<group>"; };
		BB0492E12925764000B136AB /* LoadMoreCell.swift */ = {isa = PBXFileReference; lastKnownFileType = sourcecode.swift; path = LoadMoreCell.swift; sourceTree = "<group>"; };
		BB0492E3292576A400B136AB /* LoadMoreCellController.swift */ = {isa = PBXFileReference; lastKnownFileType = sourcecode.swift; path = LoadMoreCellController.swift; sourceTree = "<group>"; };
		BB0492E52925785D00B136AB /* ARTWORKS_WITH_LOAD_MORE_INDICATOR_dark.png */ = {isa = PBXFileReference; lastKnownFileType = image.png; path = ARTWORKS_WITH_LOAD_MORE_INDICATOR_dark.png; sourceTree = "<group>"; };
		BB0492E62925785D00B136AB /* ARTWORKS_WITH_LOAD_MORE_INDICATOR_light.png */ = {isa = PBXFileReference; lastKnownFileType = image.png; path = ARTWORKS_WITH_LOAD_MORE_INDICATOR_light.png; sourceTree = "<group>"; };
		BB0492E92925792C00B136AB /* ARTWORKS_WITH_LOAD_MORE_ERROR_dark.png */ = {isa = PBXFileReference; lastKnownFileType = image.png; path = ARTWORKS_WITH_LOAD_MORE_ERROR_dark.png; sourceTree = "<group>"; };
		BB0492EA2925792C00B136AB /* ARTWORKS_WITH_LOAD_MORE_ERROR_extraExtraExtraLarge.png */ = {isa = PBXFileReference; lastKnownFileType = image.png; path = ARTWORKS_WITH_LOAD_MORE_ERROR_extraExtraExtraLarge.png; sourceTree = "<group>"; };
		BB0492EB2925792C00B136AB /* ARTWORKS_WITH_LOAD_MORE_ERROR_light.png */ = {isa = PBXFileReference; lastKnownFileType = image.png; path = ARTWORKS_WITH_LOAD_MORE_ERROR_light.png; sourceTree = "<group>"; };
		BB04930E2926C0E900B136AB /* UITableView+Extensions.swift */ = {isa = PBXFileReference; lastKnownFileType = sourcecode.swift; path = "UITableView+Extensions.swift"; sourceTree = "<group>"; };
		BB5EDFD8291640B200D6A84C /* Essential_Art.framework */ = {isa = PBXFileReference; explicitFileType = wrapper.framework; includeInIndex = 0; path = Essential_Art.framework; sourceTree = BUILT_PRODUCTS_DIR; };
		BB5EDFE3291640D800D6A84C /* HTTPClient.swift */ = {isa = PBXFileReference; lastKnownFileType = sourcecode.swift; path = HTTPClient.swift; sourceTree = "<group>"; };
		BB5EDFF52916431B00D6A84C /* URLSessionHTTPClient.swift */ = {isa = PBXFileReference; lastKnownFileType = sourcecode.swift; path = URLSessionHTTPClient.swift; sourceTree = "<group>"; };
		BB5EE00B2916449600D6A84C /* Essential Art Tests.xctest */ = {isa = PBXFileReference; explicitFileType = wrapper.cfbundle; includeInIndex = 0; path = "Essential Art Tests.xctest"; sourceTree = BUILT_PRODUCTS_DIR; };
		BB5EE016291644C200D6A84C /* URLSessionHTTPClientTests.swift */ = {isa = PBXFileReference; lastKnownFileType = sourcecode.swift; path = URLSessionHTTPClientTests.swift; sourceTree = "<group>"; };
		BB5EE0192916629400D6A84C /* URLProtocolStub.swift */ = {isa = PBXFileReference; lastKnownFileType = sourcecode.swift; path = URLProtocolStub.swift; sourceTree = "<group>"; };
		BB5EE01E29183F5700D6A84C /* ArticEndpoint.swift */ = {isa = PBXFileReference; lastKnownFileType = sourcecode.swift; path = ArticEndpoint.swift; sourceTree = "<group>"; };
		BB5EE02129183F7D00D6A84C /* Artwork.swift */ = {isa = PBXFileReference; lastKnownFileType = sourcecode.swift; path = Artwork.swift; sourceTree = "<group>"; };
		BB5EE02429183FF800D6A84C /* ArticEndpointTests.swift */ = {isa = PBXFileReference; lastKnownFileType = sourcecode.swift; path = ArticEndpointTests.swift; sourceTree = "<group>"; };
		BB5EE026291843B200D6A84C /* ArtworkMapper.swift */ = {isa = PBXFileReference; lastKnownFileType = sourcecode.swift; path = ArtworkMapper.swift; sourceTree = "<group>"; };
		BB5EE028291843E600D6A84C /* ArtworkMapperTests.swift */ = {isa = PBXFileReference; lastKnownFileType = sourcecode.swift; path = ArtworkMapperTests.swift; sourceTree = "<group>"; };
		BB5EE02D2919A36F00D6A84C /* XCTestCase+MemoryLeakTracking.swift */ = {isa = PBXFileReference; lastKnownFileType = sourcecode.swift; path = "XCTestCase+MemoryLeakTracking.swift"; sourceTree = "<group>"; };
		BB5EE04F291C37EB00D6A84C /* Essential Art API EndToEnd Tests.xctest */ = {isa = PBXFileReference; explicitFileType = wrapper.cfbundle; includeInIndex = 0; path = "Essential Art API EndToEnd Tests.xctest"; sourceTree = BUILT_PRODUCTS_DIR; };
		BB5EE051291C37EB00D6A84C /* Essential_Art_API_EndToEnd_Tests.swift */ = {isa = PBXFileReference; lastKnownFileType = sourcecode.swift; path = Essential_Art_API_EndToEnd_Tests.swift; sourceTree = "<group>"; };
		BB5EE059291CE5AD00D6A84C /* ArticImageDataMapper.swift */ = {isa = PBXFileReference; lastKnownFileType = sourcecode.swift; path = ArticImageDataMapper.swift; sourceTree = "<group>"; };
		BB5EE05E291D9BF800D6A84C /* CacheArtworksUseCaseTests.swift */ = {isa = PBXFileReference; lastKnownFileType = sourcecode.swift; path = CacheArtworksUseCaseTests.swift; sourceTree = "<group>"; };
		BB5EE060291E98A000D6A84C /* LoadArtworksFromCacheUseCaseTests.swift */ = {isa = PBXFileReference; lastKnownFileType = sourcecode.swift; path = LoadArtworksFromCacheUseCaseTests.swift; sourceTree = "<group>"; };
		BB5EE062291E9C4300D6A84C /* SharedTestHelpers.swift */ = {isa = PBXFileReference; lastKnownFileType = sourcecode.swift; path = SharedTestHelpers.swift; sourceTree = "<group>"; };
		BB5EE065291EB3F400D6A84C /* ArtworksCacheHelpers.swift */ = {isa = PBXFileReference; lastKnownFileType = sourcecode.swift; path = ArtworksCacheHelpers.swift; sourceTree = "<group>"; };
		BB5EE068291EDD6D00D6A84C /* LocalArtwork.swift */ = {isa = PBXFileReference; lastKnownFileType = sourcecode.swift; path = LocalArtwork.swift; sourceTree = "<group>"; };
		BB5EE06A291EDD8600D6A84C /* ArtworksStore.swift */ = {isa = PBXFileReference; lastKnownFileType = sourcecode.swift; path = ArtworksStore.swift; sourceTree = "<group>"; };
		BB5EE06C291EDDCE00D6A84C /* LocalArtworksLoader.swift */ = {isa = PBXFileReference; lastKnownFileType = sourcecode.swift; path = LocalArtworksLoader.swift; sourceTree = "<group>"; };
		BB5EE06E291EDDE000D6A84C /* ArtworksCachePolicy.swift */ = {isa = PBXFileReference; lastKnownFileType = sourcecode.swift; path = ArtworksCachePolicy.swift; sourceTree = "<group>"; };
		BB5EE070291EDEAB00D6A84C /* ArtworksStoreSpy.swift */ = {isa = PBXFileReference; lastKnownFileType = sourcecode.swift; path = ArtworksStoreSpy.swift; sourceTree = "<group>"; };
		BB5EE072291F9ACD00D6A84C /* ValidateArtworksCacheUseCaseTests.swift */ = {isa = PBXFileReference; lastKnownFileType = sourcecode.swift; path = ValidateArtworksCacheUseCaseTests.swift; sourceTree = "<group>"; };
		BB5EE074291FA4F800D6A84C /* CoreDataArtworksStoreTests.swift */ = {isa = PBXFileReference; lastKnownFileType = sourcecode.swift; path = CoreDataArtworksStoreTests.swift; sourceTree = "<group>"; };
		BB5EE078291FC68500D6A84C /* ManagedArtworksCache.swift */ = {isa = PBXFileReference; lastKnownFileType = sourcecode.swift; path = ManagedArtworksCache.swift; sourceTree = "<group>"; };
		BB5EE07B291FC70700D6A84C /* ArtworksStore.xcdatamodel */ = {isa = PBXFileReference; lastKnownFileType = wrapper.xcdatamodel; path = ArtworksStore.xcdatamodel; sourceTree = "<group>"; };
		BB5EE07D2920122A00D6A84C /* CoreDataArtworksStore.swift */ = {isa = PBXFileReference; lastKnownFileType = sourcecode.swift; path = CoreDataArtworksStore.swift; sourceTree = "<group>"; };
		BB5EE07F2920128E00D6A84C /* ManagedArtwork.swift */ = {isa = PBXFileReference; lastKnownFileType = sourcecode.swift; path = ManagedArtwork.swift; sourceTree = "<group>"; };
		BB5EE081292012C000D6A84C /* CoreDataHelpers.swift */ = {isa = PBXFileReference; lastKnownFileType = sourcecode.swift; path = CoreDataHelpers.swift; sourceTree = "<group>"; };
		BB5EE083292012F000D6A84C /* CoreDataArtworksStore+ArtworksStore.swift */ = {isa = PBXFileReference; lastKnownFileType = sourcecode.swift; path = "CoreDataArtworksStore+ArtworksStore.swift"; sourceTree = "<group>"; };
		BB5EE08C2922966900D6A84C /* Essential Art Cache Integration Tests.xctest */ = {isa = PBXFileReference; explicitFileType = wrapper.cfbundle; includeInIndex = 0; path = "Essential Art Cache Integration Tests.xctest"; sourceTree = BUILT_PRODUCTS_DIR; };
		BB5EE08E2922966900D6A84C /* Essential_Art_Cache_Integration_Tests.swift */ = {isa = PBXFileReference; lastKnownFileType = sourcecode.swift; path = Essential_Art_Cache_Integration_Tests.swift; sourceTree = "<group>"; };
		BB5EE0992923EAA800D6A84C /* LoadResourcePresenterTests.swift */ = {isa = PBXFileReference; lastKnownFileType = sourcecode.swift; path = LoadResourcePresenterTests.swift; sourceTree = "<group>"; };
		BB6DCDF8292CB90B00D2AB06 /* Essential Art Image Cache Integration Tests.swift */ = {isa = PBXFileReference; lastKnownFileType = sourcecode.swift; path = "Essential Art Image Cache Integration Tests.swift"; sourceTree = "<group>"; };
		BB6DCDFA292CC34D00D2AB06 /* XCTestCase+ArtworkIntegrationTests.swift */ = {isa = PBXFileReference; lastKnownFileType = sourcecode.swift; path = "XCTestCase+ArtworkIntegrationTests.swift"; sourceTree = "<group>"; };
		BB6DCDFD292CCE4600D2AB06 /* ArtworkImageMapperTests.swift */ = {isa = PBXFileReference; lastKnownFileType = sourcecode.swift; path = ArtworkImageMapperTests.swift; sourceTree = "<group>"; };
		BB9AEB0A292ABBB000294B3F /* Paginated.swift */ = {isa = PBXFileReference; lastKnownFileType = sourcecode.swift; path = Paginated.swift; sourceTree = "<group>"; };
		BB9AEB0C292ACB1600294B3F /* ArtworkImagePresenter.swift */ = {isa = PBXFileReference; lastKnownFileType = sourcecode.swift; path = ArtworkImagePresenter.swift; sourceTree = "<group>"; };
		BB9AEB16292B8D6E00294B3F /* UIRefreshControl+Helpers.swift */ = {isa = PBXFileReference; lastKnownFileType = sourcecode.swift; path = "UIRefreshControl+Helpers.swift"; sourceTree = "<group>"; };
		BB9AEB22292C0A1B00294B3F /* ArtworksCache.swift */ = {isa = PBXFileReference; lastKnownFileType = sourcecode.swift; path = ArtworksCache.swift; sourceTree = "<group>"; };
		BB9AEB30292C180E00294B3F /* URLCache+ArtworkImageStore.swift */ = {isa = PBXFileReference; lastKnownFileType = sourcecode.swift; path = "URLCache+ArtworkImageStore.swift"; sourceTree = "<group>"; };
		BB9AEB36292C1F0E00294B3F /* ArtworkImageCache.swift */ = {isa = PBXFileReference; lastKnownFileType = sourcecode.swift; path = ArtworkImageCache.swift; sourceTree = "<group>"; };
/* End PBXFileReference section */

/* Begin PBXFrameworksBuildPhase section */
		BB049277292401F000B136AB /* Frameworks */ = {
			isa = PBXFrameworksBuildPhase;
			buildActionMask = 2147483647;
			files = (
				BB04929B292404E100B136AB /* Essential_Art.framework in Frameworks */,
			);
			runOnlyForDeploymentPostprocessing = 0;
		};
		BB0492832924033000B136AB /* Frameworks */ = {
			isa = PBXFrameworksBuildPhase;
			buildActionMask = 2147483647;
			files = (
				BB04928A2924033000B136AB /* Essential_Art_iOS.framework in Frameworks */,
			);
			runOnlyForDeploymentPostprocessing = 0;
		};
		BB5EDFD5291640B200D6A84C /* Frameworks */ = {
			isa = PBXFrameworksBuildPhase;
			buildActionMask = 2147483647;
			files = (
			);
			runOnlyForDeploymentPostprocessing = 0;
		};
		BB5EE0082916449600D6A84C /* Frameworks */ = {
			isa = PBXFrameworksBuildPhase;
			buildActionMask = 2147483647;
			files = (
				BB5EE00F2916449600D6A84C /* Essential_Art.framework in Frameworks */,
			);
			runOnlyForDeploymentPostprocessing = 0;
		};
		BB5EE04C291C37EB00D6A84C /* Frameworks */ = {
			isa = PBXFrameworksBuildPhase;
			buildActionMask = 2147483647;
			files = (
				BB5EE053291C37EB00D6A84C /* Essential_Art.framework in Frameworks */,
			);
			runOnlyForDeploymentPostprocessing = 0;
		};
		BB5EE0892922966900D6A84C /* Frameworks */ = {
			isa = PBXFrameworksBuildPhase;
			buildActionMask = 2147483647;
			files = (
				BB5EE0902922966900D6A84C /* Essential_Art.framework in Frameworks */,
			);
			runOnlyForDeploymentPostprocessing = 0;
		};
/* End PBXFrameworksBuildPhase section */

/* Begin PBXGroup section */
		BB04924E2923F5FB00B136AB /* Shared Presentation */ = {
			isa = PBXGroup;
			children = (
				BB04924F2923F60D00B136AB /* LoadResourcePresenter.swift */,
				BB0492512923F63400B136AB /* ResourceLoadingView.swift */,
				BB0492532923F65E00B136AB /* ResourceErrorView.swift */,
				BB04925B2923F80D00B136AB /* Shared.strings */,
			);
			path = "Shared Presentation";
			sourceTree = "<group>";
		};
		BB04925D2923FAE300B136AB /* Artwork Presentation */ = {
			isa = PBXGroup;
			children = (
				BB04925E2923FAF800B136AB /* ArtworkPresenter.swift */,
				BB0492672923FB6700B136AB /* Artworks.strings */,
				BB0492C02924D87400B136AB /* ArworkItemViewModel.swift */,
				BB9AEB0C292ACB1600294B3F /* ArtworkImagePresenter.swift */,
			);
			path = "Artwork Presentation";
			sourceTree = "<group>";
		};
		BB0492602923FB0400B136AB /* Artwork Presentation */ = {
			isa = PBXGroup;
			children = (
				BB0492612923FB1600B136AB /* ArtworkPresenterTests.swift */,
			);
			path = "Artwork Presentation";
			sourceTree = "<group>";
		};
		BB04927B292401F000B136AB /* Essential Art iOS */ = {
			isa = PBXGroup;
			children = (
				BB0492B32924D0BA00B136AB /* Artworks UI */,
				BB0492812924031400B136AB /* Shared UI */,
			);
			path = "Essential Art iOS";
			sourceTree = "<group>";
		};
		BB0492812924031400B136AB /* Shared UI */ = {
			isa = PBXGroup;
			children = (
				BB0492B02924CA5C00B136AB /* Helpers */,
				BB0492AD29241B9200B136AB /* Views */,
				BB0492A0292418BF00B136AB /* ListViewController.swift */,
			);
			path = "Shared UI";
			sourceTree = "<group>";
		};
		BB0492872924033000B136AB /* Essential Art iOS Tests */ = {
			isa = PBXGroup;
			children = (
				BB0492B62924D11E00B136AB /* Artworks UI */,
				BB0492902924033900B136AB /* Shared UI */,
			);
			path = "Essential Art iOS Tests";
			sourceTree = "<group>";
		};
		BB0492902924033900B136AB /* Shared UI */ = {
			isa = PBXGroup;
			children = (
				BB0492A229241A5800B136AB /* snapshots */,
				BB0492932924037500B136AB /* Helpers */,
				BB0492912924035A00B136AB /* ListSnapshotTests.swift */,
			);
			path = "Shared UI";
			sourceTree = "<group>";
		};
		BB0492932924037500B136AB /* Helpers */ = {
			isa = PBXGroup;
			children = (
				BB0492942924038400B136AB /* UIImage+TestHelpers.swift */,
				BB0492962924039D00B136AB /* UIViewController+Snapshot.swift */,
				BB049298292403AE00B136AB /* XCTestCase+Snapshot.swift */,
			);
			path = Helpers;
			sourceTree = "<group>";
		};
		BB04929A292404E100B136AB /* Frameworks */ = {
			isa = PBXGroup;
			children = (
			);
			name = Frameworks;
			sourceTree = "<group>";
		};
		BB0492A229241A5800B136AB /* snapshots */ = {
			isa = PBXGroup;
			children = (
				BB0492A729241B2100B136AB /* LIST_WITH_ERROR_MESSAGE_dark.png */,
				BB0492A829241B2100B136AB /* LIST_WITH_ERROR_MESSAGE_light_extraExtraExtraLarge.png */,
				BB0492A929241B2100B136AB /* LIST_WITH_ERROR_MESSAGE_light.png */,
				BB0492A329241A5800B136AB /* EMPTY_LIST_dark.png */,
				BB0492A429241A5800B136AB /* EMPTY_LIST_light.png */,
			);
			path = snapshots;
			sourceTree = "<group>";
		};
		BB0492AD29241B9200B136AB /* Views */ = {
			isa = PBXGroup;
			children = (
				BB0492AE29241B9B00B136AB /* ErrorView.swift */,
			);
			path = Views;
			sourceTree = "<group>";
		};
		BB0492B02924CA5C00B136AB /* Helpers */ = {
			isa = PBXGroup;
			children = (
				BB0492D2292543C700B136AB /* UIImageView+TestHelpers.swift */,
				BB0492B12924CA6900B136AB /* UIView+Extensions.swift */,
				BB9AEB16292B8D6E00294B3F /* UIRefreshControl+Helpers.swift */,
			);
			path = Helpers;
			sourceTree = "<group>";
		};
		BB0492B32924D0BA00B136AB /* Artworks UI */ = {
			isa = PBXGroup;
			children = (
				BB0492C22924DC4500B136AB /* Helpers */,
				BB0492BB2924D7E500B136AB /* Views */,
				BB0492BA2924D16700B136AB /* Controllers */,
			);
			path = "Artworks UI";
			sourceTree = "<group>";
		};
		BB0492B62924D11E00B136AB /* Artworks UI */ = {
			isa = PBXGroup;
			children = (
				BB0492D42925447400B136AB /* snapshots */,
				BB0492B42924D0DD00B136AB /* ArtworsSnapshotTests.swift */,
			);
			path = "Artworks UI";
			sourceTree = "<group>";
		};
		BB0492BA2924D16700B136AB /* Controllers */ = {
			isa = PBXGroup;
			children = (
				BB0492BE2924D82400B136AB /* ArtworkItemCellController.swift */,
				BB0492E3292576A400B136AB /* LoadMoreCellController.swift */,
			);
			path = Controllers;
			sourceTree = "<group>";
		};
		BB0492BB2924D7E500B136AB /* Views */ = {
			isa = PBXGroup;
			children = (
				BB0492BC2924D7F400B136AB /* ArworkItemCell.swift */,
				BB0492B82924D15F00B136AB /* ArtworksController.swift */,
				BB0492E12925764000B136AB /* LoadMoreCell.swift */,
			);
			path = Views;
			sourceTree = "<group>";
		};
		BB0492C22924DC4500B136AB /* Helpers */ = {
			isa = PBXGroup;
			children = (
				BB0492C32924DC5000B136AB /* UIImageView+Animations.swift */,
				BB0492C52924DC6900B136AB /* UIView+Shimmering.swift */,
				BB0492DB2925679000B136AB /* UIStackView+Extensions.swift */,
				BB04930E2926C0E900B136AB /* UITableView+Extensions.swift */,
			);
			path = Helpers;
			sourceTree = "<group>";
		};
		BB0492D42925447400B136AB /* snapshots */ = {
			isa = PBXGroup;
			children = (
				BB0492E92925792C00B136AB /* ARTWORKS_WITH_LOAD_MORE_ERROR_dark.png */,
				BB0492EA2925792C00B136AB /* ARTWORKS_WITH_LOAD_MORE_ERROR_extraExtraExtraLarge.png */,
				BB0492EB2925792C00B136AB /* ARTWORKS_WITH_LOAD_MORE_ERROR_light.png */,
				BB0492E52925785D00B136AB /* ARTWORKS_WITH_LOAD_MORE_INDICATOR_dark.png */,
				BB0492E62925785D00B136AB /* ARTWORKS_WITH_LOAD_MORE_INDICATOR_light.png */,
				BB0492DE29256A1900B136AB /* ARTWORKS_WITH_FAILED_IMAGE_LOADING_dark.png */,
				BB0492DD29256A1900B136AB /* ARTWORKS_WITH_FAILED_IMAGE_LOADING_light.png */,
				BB0492D52925447400B136AB /* ARTWORKS_WITH_CONTENT_light.png */,
				BB0492D62925447400B136AB /* ARTWORKS_WITH_CONTENT_dark.png */,
				BB0492D72925447400B136AB /* ARTWORKS_WITH_CONTENT_light_extraExtraExtraLarge.png */,
			);
			path = snapshots;
			sourceTree = "<group>";
		};
		BB5EDFCE291640B200D6A84C = {
			isa = PBXGroup;
			children = (
				BB5EDFDA291640B200D6A84C /* Essential Art */,
				BB5EE00C2916449600D6A84C /* Essential Art Tests */,
				BB5EE050291C37EB00D6A84C /* Essential Art API EndToEnd Tests */,
				BB5EE08D2922966900D6A84C /* Essential Art Cache Integration Tests */,
				BB04927B292401F000B136AB /* Essential Art iOS */,
				BB0492872924033000B136AB /* Essential Art iOS Tests */,
				BB5EDFD9291640B200D6A84C /* Products */,
				BB04929A292404E100B136AB /* Frameworks */,
			);
			sourceTree = "<group>";
		};
		BB5EDFD9291640B200D6A84C /* Products */ = {
			isa = PBXGroup;
			children = (
				BB5EDFD8291640B200D6A84C /* Essential_Art.framework */,
				BB5EE00B2916449600D6A84C /* Essential Art Tests.xctest */,
				BB5EE04F291C37EB00D6A84C /* Essential Art API EndToEnd Tests.xctest */,
				BB5EE08C2922966900D6A84C /* Essential Art Cache Integration Tests.xctest */,
				BB04927A292401F000B136AB /* Essential_Art_iOS.framework */,
				BB0492862924033000B136AB /* Essential Art iOS Tests.xctest */,
			);
			name = Products;
			sourceTree = "<group>";
		};
		BB5EDFDA291640B200D6A84C /* Essential Art */ = {
			isa = PBXGroup;
			children = (
				BB04925D2923FAE300B136AB /* Artwork Presentation */,
				BB04924E2923F5FB00B136AB /* Shared Presentation */,
				BB5EE067291EDD4300D6A84C /* Artwork Cache */,
				BB5EE02029183F7200D6A84C /* Artwork Feature */,
				BB5EE01D29183F3800D6A84C /* Artic API */,
				BB5EDFE2291640CB00D6A84C /* Shared API */,
				BB5EDFF4291641F400D6A84C /* Shared API Infra */,
			);
			path = "Essential Art";
			sourceTree = "<group>";
		};
		BB5EDFE2291640CB00D6A84C /* Shared API */ = {
			isa = PBXGroup;
			children = (
				BB5EDFE3291640D800D6A84C /* HTTPClient.swift */,
				BB9AEB0A292ABBB000294B3F /* Paginated.swift */,
			);
			path = "Shared API";
			sourceTree = "<group>";
		};
		BB5EDFF4291641F400D6A84C /* Shared API Infra */ = {
			isa = PBXGroup;
			children = (
				BB5EDFF52916431B00D6A84C /* URLSessionHTTPClient.swift */,
			);
			path = "Shared API Infra";
			sourceTree = "<group>";
		};
		BB5EE00C2916449600D6A84C /* Essential Art Tests */ = {
			isa = PBXGroup;
			children = (
				BB0492602923FB0400B136AB /* Artwork Presentation */,
				BB5EE0982923EA8500D6A84C /* Shared  Presentation */,
				BB5EE05D291D9BD400D6A84C /* ArtworksCache */,
				BB5EE02C2919A35D00D6A84C /* Helpers */,
				BB5EE02329183FE900D6A84C /* Artic API */,
				BB5EE015291644A700D6A84C /* Shared API Infra */,
			);
			path = "Essential Art Tests";
			sourceTree = "<group>";
		};
		BB5EE015291644A700D6A84C /* Shared API Infra */ = {
			isa = PBXGroup;
			children = (
				BB5EE0182916628000D6A84C /* Helpers */,
				BB5EE016291644C200D6A84C /* URLSessionHTTPClientTests.swift */,
			);
			path = "Shared API Infra";
			sourceTree = "<group>";
		};
		BB5EE0182916628000D6A84C /* Helpers */ = {
			isa = PBXGroup;
			children = (
				BB5EE0192916629400D6A84C /* URLProtocolStub.swift */,
			);
			path = Helpers;
			sourceTree = "<group>";
		};
		BB5EE01D29183F3800D6A84C /* Artic API */ = {
			isa = PBXGroup;
			children = (
				BB5EE01E29183F5700D6A84C /* ArticEndpoint.swift */,
				BB5EE026291843B200D6A84C /* ArtworkMapper.swift */,
				BB5EE059291CE5AD00D6A84C /* ArticImageDataMapper.swift */,
			);
			path = "Artic API";
			sourceTree = "<group>";
		};
		BB5EE02029183F7200D6A84C /* Artwork Feature */ = {
			isa = PBXGroup;
			children = (
				BB5EE02129183F7D00D6A84C /* Artwork.swift */,
				BB9AEB22292C0A1B00294B3F /* ArtworksCache.swift */,
				BB9AEB36292C1F0E00294B3F /* ArtworkImageCache.swift */,
			);
			path = "Artwork Feature";
			sourceTree = "<group>";
		};
		BB5EE02329183FE900D6A84C /* Artic API */ = {
			isa = PBXGroup;
			children = (
				BB5EE02429183FF800D6A84C /* ArticEndpointTests.swift */,
				BB5EE028291843E600D6A84C /* ArtworkMapperTests.swift */,
				BB6DCDFD292CCE4600D2AB06 /* ArtworkImageMapperTests.swift */,
			);
			path = "Artic API";
			sourceTree = "<group>";
		};
		BB5EE02C2919A35D00D6A84C /* Helpers */ = {
			isa = PBXGroup;
			children = (
				BB5EE02D2919A36F00D6A84C /* XCTestCase+MemoryLeakTracking.swift */,
				BB5EE062291E9C4300D6A84C /* SharedTestHelpers.swift */,
			);
			path = Helpers;
			sourceTree = "<group>";
		};
		BB5EE050291C37EB00D6A84C /* Essential Art API EndToEnd Tests */ = {
			isa = PBXGroup;
			children = (
				BB5EE051291C37EB00D6A84C /* Essential_Art_API_EndToEnd_Tests.swift */,
			);
			path = "Essential Art API EndToEnd Tests";
			sourceTree = "<group>";
		};
		BB5EE05D291D9BD400D6A84C /* ArtworksCache */ = {
			isa = PBXGroup;
			children = (
				BB5EE064291EB3E300D6A84C /* Helpers */,
				BB5EE05E291D9BF800D6A84C /* CacheArtworksUseCaseTests.swift */,
				BB5EE060291E98A000D6A84C /* LoadArtworksFromCacheUseCaseTests.swift */,
				BB5EE072291F9ACD00D6A84C /* ValidateArtworksCacheUseCaseTests.swift */,
				BB5EE074291FA4F800D6A84C /* CoreDataArtworksStoreTests.swift */,
			);
			path = ArtworksCache;
			sourceTree = "<group>";
		};
		BB5EE064291EB3E300D6A84C /* Helpers */ = {
			isa = PBXGroup;
			children = (
				BB5EE065291EB3F400D6A84C /* ArtworksCacheHelpers.swift */,
				BB5EE070291EDEAB00D6A84C /* ArtworksStoreSpy.swift */,
			);
			path = Helpers;
			sourceTree = "<group>";
		};
		BB5EE067291EDD4300D6A84C /* Artwork Cache */ = {
			isa = PBXGroup;
			children = (
				BB5EE076291FC66700D6A84C /* Infrastructure */,
				BB5EE06A291EDD8600D6A84C /* ArtworksStore.swift */,
				BB5EE068291EDD6D00D6A84C /* LocalArtwork.swift */,
				BB5EE06C291EDDCE00D6A84C /* LocalArtworksLoader.swift */,
				BB5EE06E291EDDE000D6A84C /* ArtworksCachePolicy.swift */,
			);
			path = "Artwork Cache";
			sourceTree = "<group>";
		};
		BB5EE076291FC66700D6A84C /* Infrastructure */ = {
			isa = PBXGroup;
			children = (
				BB5EE077291FC66F00D6A84C /* Core Data */,
				BB9AEB30292C180E00294B3F /* URLCache+ArtworkImageStore.swift */,
			);
			path = Infrastructure;
			sourceTree = "<group>";
		};
		BB5EE077291FC66F00D6A84C /* Core Data */ = {
			isa = PBXGroup;
			children = (
				BB5EE07A291FC70700D6A84C /* ArtworksStore.xcdatamodeld */,
				BB5EE07D2920122A00D6A84C /* CoreDataArtworksStore.swift */,
				BB5EE07F2920128E00D6A84C /* ManagedArtwork.swift */,
				BB5EE078291FC68500D6A84C /* ManagedArtworksCache.swift */,
				BB5EE081292012C000D6A84C /* CoreDataHelpers.swift */,
				BB5EE083292012F000D6A84C /* CoreDataArtworksStore+ArtworksStore.swift */,
			);
			path = "Core Data";
			sourceTree = "<group>";
		};
		BB5EE08D2922966900D6A84C /* Essential Art Cache Integration Tests */ = {
			isa = PBXGroup;
			children = (
				BB6DCDFC292CC36C00D2AB06 /* Helpers */,
				BB5EE08E2922966900D6A84C /* Essential_Art_Cache_Integration_Tests.swift */,
				BB6DCDF8292CB90B00D2AB06 /* Essential Art Image Cache Integration Tests.swift */,
			);
			path = "Essential Art Cache Integration Tests";
			sourceTree = "<group>";
		};
		BB5EE0982923EA8500D6A84C /* Shared  Presentation */ = {
			isa = PBXGroup;
			children = (
				BB5EE0992923EAA800D6A84C /* LoadResourcePresenterTests.swift */,
			);
			path = "Shared  Presentation";
			sourceTree = "<group>";
		};
		BB6DCDFC292CC36C00D2AB06 /* Helpers */ = {
			isa = PBXGroup;
			children = (
				BB6DCDFA292CC34D00D2AB06 /* XCTestCase+ArtworkIntegrationTests.swift */,
			);
			path = Helpers;
			sourceTree = "<group>";
		};
/* End PBXGroup section */

/* Begin PBXHeadersBuildPhase section */
		BB049275292401F000B136AB /* Headers */ = {
			isa = PBXHeadersBuildPhase;
			buildActionMask = 2147483647;
			files = (
			);
			runOnlyForDeploymentPostprocessing = 0;
		};
		BB5EDFD3291640B200D6A84C /* Headers */ = {
			isa = PBXHeadersBuildPhase;
			buildActionMask = 2147483647;
			files = (
			);
			runOnlyForDeploymentPostprocessing = 0;
		};
/* End PBXHeadersBuildPhase section */

/* Begin PBXNativeTarget section */
		BB049279292401F000B136AB /* Essential Art iOS */ = {
			isa = PBXNativeTarget;
			buildConfigurationList = BB04927E292401F000B136AB /* Build configuration list for PBXNativeTarget "Essential Art iOS" */;
			buildPhases = (
				BB049275292401F000B136AB /* Headers */,
				BB049276292401F000B136AB /* Sources */,
				BB049277292401F000B136AB /* Frameworks */,
				BB049278292401F000B136AB /* Resources */,
				BB04929F292404E100B136AB /* Embed Frameworks */,
			);
			buildRules = (
			);
			dependencies = (
				BB04929E292404E100B136AB /* PBXTargetDependency */,
			);
			name = "Essential Art iOS";
			productName = "Essential Art iOS";
			productReference = BB04927A292401F000B136AB /* Essential_Art_iOS.framework */;
			productType = "com.apple.product-type.framework";
		};
		BB0492852924033000B136AB /* Essential Art iOS Tests */ = {
			isa = PBXNativeTarget;
			buildConfigurationList = BB04928D2924033000B136AB /* Build configuration list for PBXNativeTarget "Essential Art iOS Tests" */;
			buildPhases = (
				BB0492822924033000B136AB /* Sources */,
				BB0492832924033000B136AB /* Frameworks */,
				BB0492842924033000B136AB /* Resources */,
			);
			buildRules = (
			);
			dependencies = (
				BB04928C2924033000B136AB /* PBXTargetDependency */,
			);
			name = "Essential Art iOS Tests";
			productName = "Essential Art iOS Tests";
			productReference = BB0492862924033000B136AB /* Essential Art iOS Tests.xctest */;
			productType = "com.apple.product-type.bundle.unit-test";
		};
		BB5EDFD7291640B200D6A84C /* Essential Art */ = {
			isa = PBXNativeTarget;
			buildConfigurationList = BB5EDFDF291640B200D6A84C /* Build configuration list for PBXNativeTarget "Essential Art" */;
			buildPhases = (
				BB5EDFD3291640B200D6A84C /* Headers */,
				BB5EDFD4291640B200D6A84C /* Sources */,
				BB5EDFD5291640B200D6A84C /* Frameworks */,
				BB5EDFD6291640B200D6A84C /* Resources */,
			);
			buildRules = (
			);
			dependencies = (
			);
			name = "Essential Art";
			packageProductDependencies = (
			);
			productName = "Essential Art";
			productReference = BB5EDFD8291640B200D6A84C /* Essential_Art.framework */;
			productType = "com.apple.product-type.framework";
		};
		BB5EE00A2916449600D6A84C /* Essential Art Tests */ = {
			isa = PBXNativeTarget;
			buildConfigurationList = BB5EE0122916449600D6A84C /* Build configuration list for PBXNativeTarget "Essential Art Tests" */;
			buildPhases = (
				BB5EE0072916449600D6A84C /* Sources */,
				BB5EE0082916449600D6A84C /* Frameworks */,
				BB5EE0092916449600D6A84C /* Resources */,
			);
			buildRules = (
			);
			dependencies = (
				BB5EE0112916449600D6A84C /* PBXTargetDependency */,
			);
			name = "Essential Art Tests";
			productName = "Essential Art Tests";
			productReference = BB5EE00B2916449600D6A84C /* Essential Art Tests.xctest */;
			productType = "com.apple.product-type.bundle.unit-test";
		};
		BB5EE04E291C37EB00D6A84C /* Essential Art API EndToEnd Tests */ = {
			isa = PBXNativeTarget;
			buildConfigurationList = BB5EE058291C37EB00D6A84C /* Build configuration list for PBXNativeTarget "Essential Art API EndToEnd Tests" */;
			buildPhases = (
				BB5EE04B291C37EB00D6A84C /* Sources */,
				BB5EE04C291C37EB00D6A84C /* Frameworks */,
				BB5EE04D291C37EB00D6A84C /* Resources */,
			);
			buildRules = (
			);
			dependencies = (
				BB5EE055291C37EB00D6A84C /* PBXTargetDependency */,
			);
			name = "Essential Art API EndToEnd Tests";
			productName = "Essential Art API EndToEnd Tests";
			productReference = BB5EE04F291C37EB00D6A84C /* Essential Art API EndToEnd Tests.xctest */;
			productType = "com.apple.product-type.bundle.unit-test";
		};
		BB5EE08B2922966900D6A84C /* Essential Art Cache Integration Tests */ = {
			isa = PBXNativeTarget;
			buildConfigurationList = BB5EE0952922966900D6A84C /* Build configuration list for PBXNativeTarget "Essential Art Cache Integration Tests" */;
			buildPhases = (
				BB5EE0882922966900D6A84C /* Sources */,
				BB5EE0892922966900D6A84C /* Frameworks */,
				BB5EE08A2922966900D6A84C /* Resources */,
			);
			buildRules = (
			);
			dependencies = (
				BB5EE0922922966900D6A84C /* PBXTargetDependency */,
			);
			name = "Essential Art Cache Integration Tests";
			productName = "Essential Art Cache Integration Tests";
			productReference = BB5EE08C2922966900D6A84C /* Essential Art Cache Integration Tests.xctest */;
			productType = "com.apple.product-type.bundle.unit-test";
		};
/* End PBXNativeTarget section */

/* Begin PBXProject section */
		BB5EDFCF291640B200D6A84C /* Project object */ = {
			isa = PBXProject;
			attributes = {
				BuildIndependentTargetsInParallel = 1;
				LastSwiftUpdateCheck = 1340;
				LastUpgradeCheck = 1340;
				TargetAttributes = {
					BB049279292401F000B136AB = {
						CreatedOnToolsVersion = 13.4.1;
						LastSwiftMigration = 1340;
					};
					BB0492852924033000B136AB = {
						CreatedOnToolsVersion = 13.4.1;
						LastSwiftMigration = 1340;
					};
					BB5EDFD7291640B200D6A84C = {
						CreatedOnToolsVersion = 13.4.1;
						LastSwiftMigration = 1340;
					};
					BB5EE00A2916449600D6A84C = {
						CreatedOnToolsVersion = 13.4.1;
						LastSwiftMigration = 1340;
					};
					BB5EE04E291C37EB00D6A84C = {
						CreatedOnToolsVersion = 13.4.1;
					};
					BB5EE08B2922966900D6A84C = {
						CreatedOnToolsVersion = 13.4.1;
					};
				};
			};
			buildConfigurationList = BB5EDFD2291640B200D6A84C /* Build configuration list for PBXProject "Essential Art" */;
			compatibilityVersion = "Xcode 13.0";
			developmentRegion = en;
			hasScannedForEncodings = 0;
			knownRegions = (
				en,
				Base,
				uk,
			);
			mainGroup = BB5EDFCE291640B200D6A84C;
			packageReferences = (
			);
			productRefGroup = BB5EDFD9291640B200D6A84C /* Products */;
			projectDirPath = "";
			projectRoot = "";
			targets = (
				BB5EDFD7291640B200D6A84C /* Essential Art */,
				BB5EE00A2916449600D6A84C /* Essential Art Tests */,
				BB5EE04E291C37EB00D6A84C /* Essential Art API EndToEnd Tests */,
				BB5EE08B2922966900D6A84C /* Essential Art Cache Integration Tests */,
				BB049279292401F000B136AB /* Essential Art iOS */,
				BB0492852924033000B136AB /* Essential Art iOS Tests */,
			);
		};
/* End PBXProject section */

/* Begin PBXResourcesBuildPhase section */
		BB049278292401F000B136AB /* Resources */ = {
			isa = PBXResourcesBuildPhase;
			buildActionMask = 2147483647;
			files = (
			);
			runOnlyForDeploymentPostprocessing = 0;
		};
		BB0492842924033000B136AB /* Resources */ = {
			isa = PBXResourcesBuildPhase;
			buildActionMask = 2147483647;
			files = (
				BB0492A629241A5800B136AB /* EMPTY_LIST_light.png in Resources */,
				BB0492AA29241B2100B136AB /* LIST_WITH_ERROR_MESSAGE_dark.png in Resources */,
				BB0492E029256A1900B136AB /* ARTWORKS_WITH_FAILED_IMAGE_LOADING_dark.png in Resources */,
				BB0492ED2925792C00B136AB /* ARTWORKS_WITH_LOAD_MORE_ERROR_extraExtraExtraLarge.png in Resources */,
				BB0492EE2925792C00B136AB /* ARTWORKS_WITH_LOAD_MORE_ERROR_light.png in Resources */,
				BB0492AB29241B2100B136AB /* LIST_WITH_ERROR_MESSAGE_light_extraExtraExtraLarge.png in Resources */,
				BB0492DF29256A1900B136AB /* ARTWORKS_WITH_FAILED_IMAGE_LOADING_light.png in Resources */,
				BB0492AC29241B2100B136AB /* LIST_WITH_ERROR_MESSAGE_light.png in Resources */,
				BB0492A529241A5800B136AB /* EMPTY_LIST_dark.png in Resources */,
				BB0492D92925447400B136AB /* ARTWORKS_WITH_CONTENT_dark.png in Resources */,
				BB0492EC2925792C00B136AB /* ARTWORKS_WITH_LOAD_MORE_ERROR_dark.png in Resources */,
				BB0492E72925785D00B136AB /* ARTWORKS_WITH_LOAD_MORE_INDICATOR_dark.png in Resources */,
				BB0492DA2925447400B136AB /* ARTWORKS_WITH_CONTENT_light_extraExtraExtraLarge.png in Resources */,
				BB0492E82925785D00B136AB /* ARTWORKS_WITH_LOAD_MORE_INDICATOR_light.png in Resources */,
				BB0492D82925447400B136AB /* ARTWORKS_WITH_CONTENT_light.png in Resources */,
			);
			runOnlyForDeploymentPostprocessing = 0;
		};
		BB5EDFD6291640B200D6A84C /* Resources */ = {
			isa = PBXResourcesBuildPhase;
			buildActionMask = 2147483647;
			files = (
				BB0492592923F80D00B136AB /* Shared.strings in Resources */,
				BB0492652923FB6700B136AB /* Artworks.strings in Resources */,
			);
			runOnlyForDeploymentPostprocessing = 0;
		};
		BB5EE0092916449600D6A84C /* Resources */ = {
			isa = PBXResourcesBuildPhase;
			buildActionMask = 2147483647;
			files = (
			);
			runOnlyForDeploymentPostprocessing = 0;
		};
		BB5EE04D291C37EB00D6A84C /* Resources */ = {
			isa = PBXResourcesBuildPhase;
			buildActionMask = 2147483647;
			files = (
			);
			runOnlyForDeploymentPostprocessing = 0;
		};
		BB5EE08A2922966900D6A84C /* Resources */ = {
			isa = PBXResourcesBuildPhase;
			buildActionMask = 2147483647;
			files = (
			);
			runOnlyForDeploymentPostprocessing = 0;
		};
/* End PBXResourcesBuildPhase section */

/* Begin PBXSourcesBuildPhase section */
		BB049276292401F000B136AB /* Sources */ = {
			isa = PBXSourcesBuildPhase;
			buildActionMask = 2147483647;
			files = (
				BB0492D3292543C700B136AB /* UIImageView+TestHelpers.swift in Sources */,
				BB0492C42924DC5000B136AB /* UIImageView+Animations.swift in Sources */,
				BB0492C62924DC6900B136AB /* UIView+Shimmering.swift in Sources */,
				BB9AEB17292B8D6E00294B3F /* UIRefreshControl+Helpers.swift in Sources */,
				BB0492BD2924D7F400B136AB /* ArworkItemCell.swift in Sources */,
				BB0492BF2924D82400B136AB /* ArtworkItemCellController.swift in Sources */,
				BB0492B92924D15F00B136AB /* ArtworksController.swift in Sources */,
				BB0492E4292576A400B136AB /* LoadMoreCellController.swift in Sources */,
				BB0492B22924CA6900B136AB /* UIView+Extensions.swift in Sources */,
				BB04930F2926C0E900B136AB /* UITableView+Extensions.swift in Sources */,
				BB0492DC2925679000B136AB /* UIStackView+Extensions.swift in Sources */,
				BB0492A1292418BF00B136AB /* ListViewController.swift in Sources */,
				BB0492E22925764000B136AB /* LoadMoreCell.swift in Sources */,
				BB0492AF29241B9B00B136AB /* ErrorView.swift in Sources */,
			);
			runOnlyForDeploymentPostprocessing = 0;
		};
		BB0492822924033000B136AB /* Sources */ = {
			isa = PBXSourcesBuildPhase;
			buildActionMask = 2147483647;
			files = (
				BB0492922924035A00B136AB /* ListSnapshotTests.swift in Sources */,
				BB0492972924039D00B136AB /* UIViewController+Snapshot.swift in Sources */,
				BB049299292403AE00B136AB /* XCTestCase+Snapshot.swift in Sources */,
				BB0492B72924D13A00B136AB /* ArtworsSnapshotTests.swift in Sources */,
				BB0492952924038400B136AB /* UIImage+TestHelpers.swift in Sources */,
			);
			runOnlyForDeploymentPostprocessing = 0;
		};
		BB5EDFD4291640B200D6A84C /* Sources */ = {
			isa = PBXSourcesBuildPhase;
			buildActionMask = 2147483647;
			files = (
				BB0492502923F60D00B136AB /* LoadResourcePresenter.swift in Sources */,
				BB9AEB31292C180E00294B3F /* URLCache+ArtworkImageStore.swift in Sources */,
				BB5EE082292012C000D6A84C /* CoreDataHelpers.swift in Sources */,
				BB5EE07C291FC70700D6A84C /* ArtworksStore.xcdatamodeld in Sources */,
				BB0492522923F63400B136AB /* ResourceLoadingView.swift in Sources */,
				BB5EE06B291EDD8600D6A84C /* ArtworksStore.swift in Sources */,
				BB5EE01F29183F5700D6A84C /* ArticEndpoint.swift in Sources */,
				BB5EE079291FC68500D6A84C /* ManagedArtworksCache.swift in Sources */,
				BB04925F2923FAF800B136AB /* ArtworkPresenter.swift in Sources */,
				BB5EDFE4291640D800D6A84C /* HTTPClient.swift in Sources */,
				BB5EE084292012F000D6A84C /* CoreDataArtworksStore+ArtworksStore.swift in Sources */,
				BB5EE07E2920122A00D6A84C /* CoreDataArtworksStore.swift in Sources */,
				BB9AEB0D292ACB1600294B3F /* ArtworkImagePresenter.swift in Sources */,
				BB5EE06D291EDDCE00D6A84C /* LocalArtworksLoader.swift in Sources */,
				BB9AEB37292C1F0E00294B3F /* ArtworkImageCache.swift in Sources */,
				BB9AEB23292C0A1B00294B3F /* ArtworksCache.swift in Sources */,
				BB5EE02229183F7D00D6A84C /* Artwork.swift in Sources */,
				BB9AEB0B292ABBB000294B3F /* Paginated.swift in Sources */,
				BB5EE0802920128E00D6A84C /* ManagedArtwork.swift in Sources */,
				BB5EE027291843B200D6A84C /* ArtworkMapper.swift in Sources */,
				BB5EE05A291CE5AD00D6A84C /* ArticImageDataMapper.swift in Sources */,
				BB5EE06F291EDDE000D6A84C /* ArtworksCachePolicy.swift in Sources */,
				BB5EDFF62916431B00D6A84C /* URLSessionHTTPClient.swift in Sources */,
				BB0492542923F65E00B136AB /* ResourceErrorView.swift in Sources */,
				BB0492C12924D87400B136AB /* ArworkItemViewModel.swift in Sources */,
				BB5EE069291EDD6D00D6A84C /* LocalArtwork.swift in Sources */,
			);
			runOnlyForDeploymentPostprocessing = 0;
		};
		BB5EE0072916449600D6A84C /* Sources */ = {
			isa = PBXSourcesBuildPhase;
			buildActionMask = 2147483647;
			files = (
				BB5EE017291644C200D6A84C /* URLSessionHTTPClientTests.swift in Sources */,
				BB5EE05F291D9BF800D6A84C /* CacheArtworksUseCaseTests.swift in Sources */,
				BB5EE075291FA4F800D6A84C /* CoreDataArtworksStoreTests.swift in Sources */,
				BB5EE066291EB3F400D6A84C /* ArtworksCacheHelpers.swift in Sources */,
				BB5EE061291E98A000D6A84C /* LoadArtworksFromCacheUseCaseTests.swift in Sources */,
				BB6DCDFE292CCE4600D2AB06 /* ArtworkImageMapperTests.swift in Sources */,
				BB5EE029291843E600D6A84C /* ArtworkMapperTests.swift in Sources */,
				BB5EE073291F9ACD00D6A84C /* ValidateArtworksCacheUseCaseTests.swift in Sources */,
				BB5EE063291E9C4300D6A84C /* SharedTestHelpers.swift in Sources */,
				BB5EE01A2916629400D6A84C /* URLProtocolStub.swift in Sources */,
				BB5EE09A2923EAA800D6A84C /* LoadResourcePresenterTests.swift in Sources */,
				BB5EE02529183FF800D6A84C /* ArticEndpointTests.swift in Sources */,
				BB5EE02E2919A36F00D6A84C /* XCTestCase+MemoryLeakTracking.swift in Sources */,
				BB5EE071291EDEAB00D6A84C /* ArtworksStoreSpy.swift in Sources */,
				BB0492622923FB1600B136AB /* ArtworkPresenterTests.swift in Sources */,
			);
			runOnlyForDeploymentPostprocessing = 0;
		};
		BB5EE04B291C37EB00D6A84C /* Sources */ = {
			isa = PBXSourcesBuildPhase;
			buildActionMask = 2147483647;
			files = (
				BB5EE052291C37EB00D6A84C /* Essential_Art_API_EndToEnd_Tests.swift in Sources */,
			);
			runOnlyForDeploymentPostprocessing = 0;
		};
		BB5EE0882922966900D6A84C /* Sources */ = {
			isa = PBXSourcesBuildPhase;
			buildActionMask = 2147483647;
			files = (
				BB5EE08F2922966900D6A84C /* Essential_Art_Cache_Integration_Tests.swift in Sources */,
				BB6DCDF9292CB90B00D2AB06 /* Essential Art Image Cache Integration Tests.swift in Sources */,
				BB5EE0962922992800D6A84C /* ArtworksCacheHelpers.swift in Sources */,
				BB6DCDFB292CC34D00D2AB06 /* XCTestCase+ArtworkIntegrationTests.swift in Sources */,
				BB5EE097292299C000D6A84C /* SharedTestHelpers.swift in Sources */,
			);
			runOnlyForDeploymentPostprocessing = 0;
		};
/* End PBXSourcesBuildPhase section */

/* Begin PBXTargetDependency section */
		BB04928C2924033000B136AB /* PBXTargetDependency */ = {
			isa = PBXTargetDependency;
			target = BB049279292401F000B136AB /* Essential Art iOS */;
			targetProxy = BB04928B2924033000B136AB /* PBXContainerItemProxy */;
		};
		BB04929E292404E100B136AB /* PBXTargetDependency */ = {
			isa = PBXTargetDependency;
			target = BB5EDFD7291640B200D6A84C /* Essential Art */;
			targetProxy = BB04929D292404E100B136AB /* PBXContainerItemProxy */;
		};
		BB5EE0112916449600D6A84C /* PBXTargetDependency */ = {
			isa = PBXTargetDependency;
			target = BB5EDFD7291640B200D6A84C /* Essential Art */;
			targetProxy = BB5EE0102916449600D6A84C /* PBXContainerItemProxy */;
		};
		BB5EE055291C37EB00D6A84C /* PBXTargetDependency */ = {
			isa = PBXTargetDependency;
			target = BB5EDFD7291640B200D6A84C /* Essential Art */;
			targetProxy = BB5EE054291C37EB00D6A84C /* PBXContainerItemProxy */;
		};
		BB5EE0922922966900D6A84C /* PBXTargetDependency */ = {
			isa = PBXTargetDependency;
			target = BB5EDFD7291640B200D6A84C /* Essential Art */;
			targetProxy = BB5EE0912922966900D6A84C /* PBXContainerItemProxy */;
		};
/* End PBXTargetDependency section */

/* Begin PBXVariantGroup section */
		BB04925B2923F80D00B136AB /* Shared.strings */ = {
			isa = PBXVariantGroup;
			children = (
				BB04925A2923F80D00B136AB /* en */,
				BB04925C2923F81000B136AB /* uk */,
			);
			name = Shared.strings;
			sourceTree = "<group>";
		};
		BB0492672923FB6700B136AB /* Artworks.strings */ = {
			isa = PBXVariantGroup;
			children = (
				BB0492662923FB6700B136AB /* en */,
				BB0492682923FB6A00B136AB /* uk */,
			);
			name = Artworks.strings;
			sourceTree = "<group>";
		};
/* End PBXVariantGroup section */

/* Begin XCBuildConfiguration section */
		BB04927F292401F000B136AB /* Debug */ = {
			isa = XCBuildConfiguration;
			buildSettings = {
				CLANG_ENABLE_MODULES = YES;
				CODE_SIGN_STYLE = Automatic;
				COMBINE_HIDPI_IMAGES = YES;
				CURRENT_PROJECT_VERSION = 1;
				DEFINES_MODULE = YES;
				DEVELOPMENT_TEAM = S7242VTUBZ;
				DYLIB_COMPATIBILITY_VERSION = 1;
				DYLIB_CURRENT_VERSION = 1;
				DYLIB_INSTALL_NAME_BASE = "@rpath";
				GENERATE_INFOPLIST_FILE = YES;
				INFOPLIST_KEY_NSHumanReadableCopyright = "";
				INSTALL_PATH = "$(LOCAL_LIBRARY_DIR)/Frameworks";
				LD_RUNPATH_SEARCH_PATHS = (
					"$(inherited)",
					"@executable_path/../Frameworks",
					"@loader_path/Frameworks",
				);
				MARKETING_VERSION = 1.0;
				PRODUCT_BUNDLE_IDENTIFIER = "com.konstantin.bezzemelnyi.Essential-Art-iOS";
				PRODUCT_NAME = "$(TARGET_NAME:c99extidentifier)";
				SDKROOT = iphoneos;
				SKIP_INSTALL = YES;
				SUPPORTED_PLATFORMS = "iphonesimulator iphoneos";
				SWIFT_EMIT_LOC_STRINGS = YES;
				SWIFT_OPTIMIZATION_LEVEL = "-Onone";
				SWIFT_VERSION = 5.0;
			};
			name = Debug;
		};
		BB049280292401F000B136AB /* Release */ = {
			isa = XCBuildConfiguration;
			buildSettings = {
				CLANG_ENABLE_MODULES = YES;
				CODE_SIGN_STYLE = Automatic;
				COMBINE_HIDPI_IMAGES = YES;
				CURRENT_PROJECT_VERSION = 1;
				DEFINES_MODULE = YES;
				DEVELOPMENT_TEAM = S7242VTUBZ;
				DYLIB_COMPATIBILITY_VERSION = 1;
				DYLIB_CURRENT_VERSION = 1;
				DYLIB_INSTALL_NAME_BASE = "@rpath";
				GENERATE_INFOPLIST_FILE = YES;
				INFOPLIST_KEY_NSHumanReadableCopyright = "";
				INSTALL_PATH = "$(LOCAL_LIBRARY_DIR)/Frameworks";
				LD_RUNPATH_SEARCH_PATHS = (
					"$(inherited)",
					"@executable_path/../Frameworks",
					"@loader_path/Frameworks",
				);
				MARKETING_VERSION = 1.0;
				PRODUCT_BUNDLE_IDENTIFIER = "com.konstantin.bezzemelnyi.Essential-Art-iOS";
				PRODUCT_NAME = "$(TARGET_NAME:c99extidentifier)";
				SDKROOT = iphoneos;
				SKIP_INSTALL = YES;
				SUPPORTED_PLATFORMS = "iphonesimulator iphoneos";
				SWIFT_EMIT_LOC_STRINGS = YES;
				SWIFT_VERSION = 5.0;
			};
			name = Release;
		};
		BB04928E2924033000B136AB /* Debug */ = {
			isa = XCBuildConfiguration;
			buildSettings = {
				ALWAYS_EMBED_SWIFT_STANDARD_LIBRARIES = YES;
				CLANG_ENABLE_MODULES = YES;
				CODE_SIGN_STYLE = Automatic;
				CURRENT_PROJECT_VERSION = 1;
				DEVELOPMENT_TEAM = S7242VTUBZ;
				GENERATE_INFOPLIST_FILE = YES;
				LD_RUNPATH_SEARCH_PATHS = (
					"$(inherited)",
					"@executable_path/../Frameworks",
					"@loader_path/../Frameworks",
				);
				MARKETING_VERSION = 1.0;
				PRODUCT_BUNDLE_IDENTIFIER = "com.konstantin.bezzemelnyi.Essential-Art-iOS-Tests";
				PRODUCT_NAME = "$(TARGET_NAME)";
				SDKROOT = iphoneos;
				SUPPORTED_PLATFORMS = "iphonesimulator iphoneos";
				SWIFT_EMIT_LOC_STRINGS = NO;
				SWIFT_OPTIMIZATION_LEVEL = "-Onone";
				SWIFT_VERSION = 5.0;
			};
			name = Debug;
		};
		BB04928F2924033000B136AB /* Release */ = {
			isa = XCBuildConfiguration;
			buildSettings = {
				ALWAYS_EMBED_SWIFT_STANDARD_LIBRARIES = YES;
				CLANG_ENABLE_MODULES = YES;
				CODE_SIGN_STYLE = Automatic;
				CURRENT_PROJECT_VERSION = 1;
				DEVELOPMENT_TEAM = S7242VTUBZ;
				GENERATE_INFOPLIST_FILE = YES;
				LD_RUNPATH_SEARCH_PATHS = (
					"$(inherited)",
					"@executable_path/../Frameworks",
					"@loader_path/../Frameworks",
				);
				MARKETING_VERSION = 1.0;
				PRODUCT_BUNDLE_IDENTIFIER = "com.konstantin.bezzemelnyi.Essential-Art-iOS-Tests";
				PRODUCT_NAME = "$(TARGET_NAME)";
				SDKROOT = iphoneos;
				SUPPORTED_PLATFORMS = "iphonesimulator iphoneos";
				SWIFT_EMIT_LOC_STRINGS = NO;
				SWIFT_VERSION = 5.0;
			};
			name = Release;
		};
		BB5EDFDD291640B200D6A84C /* Debug */ = {
			isa = XCBuildConfiguration;
			buildSettings = {
				ALWAYS_SEARCH_USER_PATHS = NO;
				CLANG_ANALYZER_NONNULL = YES;
				CLANG_ANALYZER_NUMBER_OBJECT_CONVERSION = YES_AGGRESSIVE;
				CLANG_CXX_LANGUAGE_STANDARD = "gnu++17";
				CLANG_ENABLE_MODULES = YES;
				CLANG_ENABLE_OBJC_ARC = YES;
				CLANG_ENABLE_OBJC_WEAK = YES;
				CLANG_WARN_BLOCK_CAPTURE_AUTORELEASING = YES;
				CLANG_WARN_BOOL_CONVERSION = YES;
				CLANG_WARN_COMMA = YES;
				CLANG_WARN_CONSTANT_CONVERSION = YES;
				CLANG_WARN_DEPRECATED_OBJC_IMPLEMENTATIONS = YES;
				CLANG_WARN_DIRECT_OBJC_ISA_USAGE = YES_ERROR;
				CLANG_WARN_DOCUMENTATION_COMMENTS = YES;
				CLANG_WARN_EMPTY_BODY = YES;
				CLANG_WARN_ENUM_CONVERSION = YES;
				CLANG_WARN_INFINITE_RECURSION = YES;
				CLANG_WARN_INT_CONVERSION = YES;
				CLANG_WARN_NON_LITERAL_NULL_CONVERSION = YES;
				CLANG_WARN_OBJC_IMPLICIT_RETAIN_SELF = YES;
				CLANG_WARN_OBJC_LITERAL_CONVERSION = YES;
				CLANG_WARN_OBJC_ROOT_CLASS = YES_ERROR;
				CLANG_WARN_QUOTED_INCLUDE_IN_FRAMEWORK_HEADER = YES;
				CLANG_WARN_RANGE_LOOP_ANALYSIS = YES;
				CLANG_WARN_STRICT_PROTOTYPES = YES;
				CLANG_WARN_SUSPICIOUS_MOVE = YES;
				CLANG_WARN_UNGUARDED_AVAILABILITY = YES_AGGRESSIVE;
				CLANG_WARN_UNREACHABLE_CODE = YES;
				CLANG_WARN__DUPLICATE_METHOD_MATCH = YES;
				COPY_PHASE_STRIP = NO;
				CURRENT_PROJECT_VERSION = 1;
				DEBUG_INFORMATION_FORMAT = dwarf;
				ENABLE_STRICT_OBJC_MSGSEND = YES;
				ENABLE_TESTABILITY = YES;
				GCC_C_LANGUAGE_STANDARD = gnu11;
				GCC_DYNAMIC_NO_PIC = NO;
				GCC_NO_COMMON_BLOCKS = YES;
				GCC_OPTIMIZATION_LEVEL = 0;
				GCC_PREPROCESSOR_DEFINITIONS = (
					"DEBUG=1",
					"$(inherited)",
				);
				GCC_WARN_64_TO_32_BIT_CONVERSION = YES;
				GCC_WARN_ABOUT_RETURN_TYPE = YES_ERROR;
				GCC_WARN_UNDECLARED_SELECTOR = YES;
				GCC_WARN_UNINITIALIZED_AUTOS = YES_AGGRESSIVE;
				GCC_WARN_UNUSED_FUNCTION = YES;
				GCC_WARN_UNUSED_VARIABLE = YES;
				IPHONEOS_DEPLOYMENT_TARGET = 15.0;
				MACOSX_DEPLOYMENT_TARGET = 12.3;
				MTL_ENABLE_DEBUG_INFO = INCLUDE_SOURCE;
				MTL_FAST_MATH = YES;
				ONLY_ACTIVE_ARCH = YES;
				SDKROOT = macosx;
				SUPPORTED_PLATFORMS = "macosx iphonesimulator iphoneos";
				SWIFT_ACTIVE_COMPILATION_CONDITIONS = DEBUG;
				SWIFT_OPTIMIZATION_LEVEL = "-Onone";
				VERSIONING_SYSTEM = "apple-generic";
				VERSION_INFO_PREFIX = "";
			};
			name = Debug;
		};
		BB5EDFDE291640B200D6A84C /* Release */ = {
			isa = XCBuildConfiguration;
			buildSettings = {
				ALWAYS_SEARCH_USER_PATHS = NO;
				CLANG_ANALYZER_NONNULL = YES;
				CLANG_ANALYZER_NUMBER_OBJECT_CONVERSION = YES_AGGRESSIVE;
				CLANG_CXX_LANGUAGE_STANDARD = "gnu++17";
				CLANG_ENABLE_MODULES = YES;
				CLANG_ENABLE_OBJC_ARC = YES;
				CLANG_ENABLE_OBJC_WEAK = YES;
				CLANG_WARN_BLOCK_CAPTURE_AUTORELEASING = YES;
				CLANG_WARN_BOOL_CONVERSION = YES;
				CLANG_WARN_COMMA = YES;
				CLANG_WARN_CONSTANT_CONVERSION = YES;
				CLANG_WARN_DEPRECATED_OBJC_IMPLEMENTATIONS = YES;
				CLANG_WARN_DIRECT_OBJC_ISA_USAGE = YES_ERROR;
				CLANG_WARN_DOCUMENTATION_COMMENTS = YES;
				CLANG_WARN_EMPTY_BODY = YES;
				CLANG_WARN_ENUM_CONVERSION = YES;
				CLANG_WARN_INFINITE_RECURSION = YES;
				CLANG_WARN_INT_CONVERSION = YES;
				CLANG_WARN_NON_LITERAL_NULL_CONVERSION = YES;
				CLANG_WARN_OBJC_IMPLICIT_RETAIN_SELF = YES;
				CLANG_WARN_OBJC_LITERAL_CONVERSION = YES;
				CLANG_WARN_OBJC_ROOT_CLASS = YES_ERROR;
				CLANG_WARN_QUOTED_INCLUDE_IN_FRAMEWORK_HEADER = YES;
				CLANG_WARN_RANGE_LOOP_ANALYSIS = YES;
				CLANG_WARN_STRICT_PROTOTYPES = YES;
				CLANG_WARN_SUSPICIOUS_MOVE = YES;
				CLANG_WARN_UNGUARDED_AVAILABILITY = YES_AGGRESSIVE;
				CLANG_WARN_UNREACHABLE_CODE = YES;
				CLANG_WARN__DUPLICATE_METHOD_MATCH = YES;
				COPY_PHASE_STRIP = NO;
				CURRENT_PROJECT_VERSION = 1;
				DEBUG_INFORMATION_FORMAT = "dwarf-with-dsym";
				ENABLE_NS_ASSERTIONS = NO;
				ENABLE_STRICT_OBJC_MSGSEND = YES;
				GCC_C_LANGUAGE_STANDARD = gnu11;
				GCC_NO_COMMON_BLOCKS = YES;
				GCC_WARN_64_TO_32_BIT_CONVERSION = YES;
				GCC_WARN_ABOUT_RETURN_TYPE = YES_ERROR;
				GCC_WARN_UNDECLARED_SELECTOR = YES;
				GCC_WARN_UNINITIALIZED_AUTOS = YES_AGGRESSIVE;
				GCC_WARN_UNUSED_FUNCTION = YES;
				GCC_WARN_UNUSED_VARIABLE = YES;
				IPHONEOS_DEPLOYMENT_TARGET = 15.0;
				MACOSX_DEPLOYMENT_TARGET = 12.3;
				MTL_ENABLE_DEBUG_INFO = NO;
				MTL_FAST_MATH = YES;
				SDKROOT = macosx;
				SUPPORTED_PLATFORMS = "macosx iphonesimulator iphoneos";
				SWIFT_COMPILATION_MODE = wholemodule;
				SWIFT_OPTIMIZATION_LEVEL = "-O";
				VERSIONING_SYSTEM = "apple-generic";
				VERSION_INFO_PREFIX = "";
			};
			name = Release;
		};
		BB5EDFE0291640B200D6A84C /* Debug */ = {
			isa = XCBuildConfiguration;
			buildSettings = {
				ALLOW_TARGET_PLATFORM_SPECIALIZATION = YES;
				CLANG_ENABLE_MODULES = YES;
				CODE_SIGN_STYLE = Automatic;
				COMBINE_HIDPI_IMAGES = YES;
				CURRENT_PROJECT_VERSION = 1;
				DEFINES_MODULE = YES;
				DEVELOPMENT_TEAM = S7242VTUBZ;
				DYLIB_COMPATIBILITY_VERSION = 1;
				DYLIB_CURRENT_VERSION = 1;
				DYLIB_INSTALL_NAME_BASE = "@rpath";
				GENERATE_INFOPLIST_FILE = YES;
				INFOPLIST_KEY_NSHumanReadableCopyright = "";
				INSTALL_PATH = "$(LOCAL_LIBRARY_DIR)/Frameworks";
				LD_RUNPATH_SEARCH_PATHS = (
					"$(inherited)",
					"@executable_path/../Frameworks",
					"@loader_path/Frameworks",
				);
				MARKETING_VERSION = 1.0;
				PRODUCT_BUNDLE_IDENTIFIER = "com.konstantin.bezzemelnyi.Essential-Art";
				PRODUCT_NAME = "$(TARGET_NAME:c99extidentifier)";
				SKIP_INSTALL = YES;
				SUPPORTED_PLATFORMS = "iphonesimulator iphoneos macosx";
				SWIFT_EMIT_LOC_STRINGS = YES;
				SWIFT_OPTIMIZATION_LEVEL = "-Onone";
				SWIFT_VERSION = 5.0;
			};
			name = Debug;
		};
		BB5EDFE1291640B200D6A84C /* Release */ = {
			isa = XCBuildConfiguration;
			buildSettings = {
				ALLOW_TARGET_PLATFORM_SPECIALIZATION = YES;
				CLANG_ENABLE_MODULES = YES;
				CODE_SIGN_STYLE = Automatic;
				COMBINE_HIDPI_IMAGES = YES;
				CURRENT_PROJECT_VERSION = 1;
				DEFINES_MODULE = YES;
				DEVELOPMENT_TEAM = S7242VTUBZ;
				DYLIB_COMPATIBILITY_VERSION = 1;
				DYLIB_CURRENT_VERSION = 1;
				DYLIB_INSTALL_NAME_BASE = "@rpath";
				GENERATE_INFOPLIST_FILE = YES;
				INFOPLIST_KEY_NSHumanReadableCopyright = "";
				INSTALL_PATH = "$(LOCAL_LIBRARY_DIR)/Frameworks";
				LD_RUNPATH_SEARCH_PATHS = (
					"$(inherited)",
					"@executable_path/../Frameworks",
					"@loader_path/Frameworks",
				);
				MARKETING_VERSION = 1.0;
				PRODUCT_BUNDLE_IDENTIFIER = "com.konstantin.bezzemelnyi.Essential-Art";
				PRODUCT_NAME = "$(TARGET_NAME:c99extidentifier)";
				SKIP_INSTALL = YES;
				SUPPORTED_PLATFORMS = "iphonesimulator iphoneos macosx";
				SWIFT_EMIT_LOC_STRINGS = YES;
				SWIFT_VERSION = 5.0;
			};
			name = Release;
		};
		BB5EE0132916449600D6A84C /* Debug */ = {
			isa = XCBuildConfiguration;
			buildSettings = {
				CLANG_ENABLE_MODULES = YES;
				CODE_SIGN_STYLE = Automatic;
				CURRENT_PROJECT_VERSION = 1;
				DEVELOPMENT_TEAM = S7242VTUBZ;
				GENERATE_INFOPLIST_FILE = YES;
				LD_RUNPATH_SEARCH_PATHS = (
					"$(inherited)",
					"@executable_path/../Frameworks",
					"@loader_path/../Frameworks",
				);
				MARKETING_VERSION = 1.0;
				PRODUCT_BUNDLE_IDENTIFIER = "com.konstantin.bezzemelnyi.Essential-Art-Tests";
				PRODUCT_NAME = "$(TARGET_NAME)";
				SUPPORTED_PLATFORMS = "iphonesimulator iphoneos macosx";
				SWIFT_EMIT_LOC_STRINGS = NO;
				SWIFT_OPTIMIZATION_LEVEL = "-Onone";
				SWIFT_VERSION = 5.0;
			};
			name = Debug;
		};
		BB5EE0142916449600D6A84C /* Release */ = {
			isa = XCBuildConfiguration;
			buildSettings = {
				CLANG_ENABLE_MODULES = YES;
				CODE_SIGN_STYLE = Automatic;
				CURRENT_PROJECT_VERSION = 1;
				DEVELOPMENT_TEAM = S7242VTUBZ;
				GENERATE_INFOPLIST_FILE = YES;
				LD_RUNPATH_SEARCH_PATHS = (
					"$(inherited)",
					"@executable_path/../Frameworks",
					"@loader_path/../Frameworks",
				);
				MARKETING_VERSION = 1.0;
				PRODUCT_BUNDLE_IDENTIFIER = "com.konstantin.bezzemelnyi.Essential-Art-Tests";
				PRODUCT_NAME = "$(TARGET_NAME)";
				SUPPORTED_PLATFORMS = "iphonesimulator iphoneos macosx";
				SWIFT_EMIT_LOC_STRINGS = NO;
				SWIFT_VERSION = 5.0;
			};
			name = Release;
		};
		BB5EE056291C37EB00D6A84C /* Debug */ = {
			isa = XCBuildConfiguration;
			buildSettings = {
				CODE_SIGN_STYLE = Automatic;
				CURRENT_PROJECT_VERSION = 1;
				DEVELOPMENT_TEAM = S7242VTUBZ;
				GENERATE_INFOPLIST_FILE = YES;
				MARKETING_VERSION = 1.0;
				PRODUCT_BUNDLE_IDENTIFIER = "com.konstantin.bezzemelnyi.Essential-Art-API-EndToEnd-Tests";
				PRODUCT_NAME = "$(TARGET_NAME)";
				SUPPORTED_PLATFORMS = "iphonesimulator iphoneos macosx";
				SWIFT_EMIT_LOC_STRINGS = NO;
				SWIFT_VERSION = 5.0;
			};
			name = Debug;
		};
		BB5EE057291C37EB00D6A84C /* Release */ = {
			isa = XCBuildConfiguration;
			buildSettings = {
				CODE_SIGN_STYLE = Automatic;
				CURRENT_PROJECT_VERSION = 1;
				DEVELOPMENT_TEAM = S7242VTUBZ;
				GENERATE_INFOPLIST_FILE = YES;
				MARKETING_VERSION = 1.0;
				PRODUCT_BUNDLE_IDENTIFIER = "com.konstantin.bezzemelnyi.Essential-Art-API-EndToEnd-Tests";
				PRODUCT_NAME = "$(TARGET_NAME)";
				SUPPORTED_PLATFORMS = "iphonesimulator iphoneos macosx";
				SWIFT_EMIT_LOC_STRINGS = NO;
				SWIFT_VERSION = 5.0;
			};
			name = Release;
		};
		BB5EE0932922966900D6A84C /* Debug */ = {
			isa = XCBuildConfiguration;
			buildSettings = {
				CODE_SIGN_STYLE = Automatic;
				CURRENT_PROJECT_VERSION = 1;
				DEVELOPMENT_TEAM = S7242VTUBZ;
				GENERATE_INFOPLIST_FILE = YES;
				MARKETING_VERSION = 1.0;
				PRODUCT_BUNDLE_IDENTIFIER = "com.konstantin.bezzemelnyi.Essential-Art-Cache-Integration-Tests";
				PRODUCT_NAME = "$(TARGET_NAME)";
				SUPPORTED_PLATFORMS = "iphonesimulator iphoneos macosx";
				SWIFT_EMIT_LOC_STRINGS = NO;
				SWIFT_VERSION = 5.0;
			};
			name = Debug;
		};
		BB5EE0942922966900D6A84C /* Release */ = {
			isa = XCBuildConfiguration;
			buildSettings = {
				CODE_SIGN_STYLE = Automatic;
				CURRENT_PROJECT_VERSION = 1;
				DEVELOPMENT_TEAM = S7242VTUBZ;
				GENERATE_INFOPLIST_FILE = YES;
				MARKETING_VERSION = 1.0;
				PRODUCT_BUNDLE_IDENTIFIER = "com.konstantin.bezzemelnyi.Essential-Art-Cache-Integration-Tests";
				PRODUCT_NAME = "$(TARGET_NAME)";
				SUPPORTED_PLATFORMS = "iphonesimulator iphoneos macosx";
				SWIFT_EMIT_LOC_STRINGS = NO;
				SWIFT_VERSION = 5.0;
			};
			name = Release;
		};
/* End XCBuildConfiguration section */

/* Begin XCConfigurationList section */
		BB04927E292401F000B136AB /* Build configuration list for PBXNativeTarget "Essential Art iOS" */ = {
			isa = XCConfigurationList;
			buildConfigurations = (
				BB04927F292401F000B136AB /* Debug */,
				BB049280292401F000B136AB /* Release */,
			);
			defaultConfigurationIsVisible = 0;
			defaultConfigurationName = Release;
		};
		BB04928D2924033000B136AB /* Build configuration list for PBXNativeTarget "Essential Art iOS Tests" */ = {
			isa = XCConfigurationList;
			buildConfigurations = (
				BB04928E2924033000B136AB /* Debug */,
				BB04928F2924033000B136AB /* Release */,
			);
			defaultConfigurationIsVisible = 0;
			defaultConfigurationName = Release;
		};
		BB5EDFD2291640B200D6A84C /* Build configuration list for PBXProject "Essential Art" */ = {
			isa = XCConfigurationList;
			buildConfigurations = (
				BB5EDFDD291640B200D6A84C /* Debug */,
				BB5EDFDE291640B200D6A84C /* Release */,
			);
			defaultConfigurationIsVisible = 0;
			defaultConfigurationName = Release;
		};
		BB5EDFDF291640B200D6A84C /* Build configuration list for PBXNativeTarget "Essential Art" */ = {
			isa = XCConfigurationList;
			buildConfigurations = (
				BB5EDFE0291640B200D6A84C /* Debug */,
				BB5EDFE1291640B200D6A84C /* Release */,
			);
			defaultConfigurationIsVisible = 0;
			defaultConfigurationName = Release;
		};
		BB5EE0122916449600D6A84C /* Build configuration list for PBXNativeTarget "Essential Art Tests" */ = {
			isa = XCConfigurationList;
			buildConfigurations = (
				BB5EE0132916449600D6A84C /* Debug */,
				BB5EE0142916449600D6A84C /* Release */,
			);
			defaultConfigurationIsVisible = 0;
			defaultConfigurationName = Release;
		};
		BB5EE058291C37EB00D6A84C /* Build configuration list for PBXNativeTarget "Essential Art API EndToEnd Tests" */ = {
			isa = XCConfigurationList;
			buildConfigurations = (
				BB5EE056291C37EB00D6A84C /* Debug */,
				BB5EE057291C37EB00D6A84C /* Release */,
			);
			defaultConfigurationIsVisible = 0;
			defaultConfigurationName = Release;
		};
		BB5EE0952922966900D6A84C /* Build configuration list for PBXNativeTarget "Essential Art Cache Integration Tests" */ = {
			isa = XCConfigurationList;
			buildConfigurations = (
				BB5EE0932922966900D6A84C /* Debug */,
				BB5EE0942922966900D6A84C /* Release */,
			);
			defaultConfigurationIsVisible = 0;
			defaultConfigurationName = Release;
		};
/* End XCConfigurationList section */

/* Begin XCVersionGroup section */
		BB5EE07A291FC70700D6A84C /* ArtworksStore.xcdatamodeld */ = {
			isa = XCVersionGroup;
			children = (
				BB5EE07B291FC70700D6A84C /* ArtworksStore.xcdatamodel */,
			);
			currentVersion = BB5EE07B291FC70700D6A84C /* ArtworksStore.xcdatamodel */;
			path = ArtworksStore.xcdatamodeld;
			sourceTree = "<group>";
			versionGroupType = wrapper.xcdatamodel;
		};
/* End XCVersionGroup section */
	};
	rootObject = BB5EDFCF291640B200D6A84C /* Project object */;
}
