// !$*UTF8*$!
{
	archiveVersion = 1;
	classes = {
	};
	objectVersion = 55;
	objects = {

/* Begin PBXBuildFile section */
		BB0ABE15292A7F4D00280336 /* AppDelegate.swift in Sources */ = {isa = PBXBuildFile; fileRef = BB0ABE14292A7F4D00280336 /* AppDelegate.swift */; };
		BB0ABE17292A7F4D00280336 /* SceneDelegate.swift in Sources */ = {isa = PBXBuildFile; fileRef = BB0ABE16292A7F4D00280336 /* SceneDelegate.swift */; };
		BB0ABE19292A7F4D00280336 /* ViewController.swift in Sources */ = {isa = PBXBuildFile; fileRef = BB0ABE18292A7F4D00280336 /* ViewController.swift */; };
		BB0ABE1E292A7F4E00280336 /* Assets.xcassets in Resources */ = {isa = PBXBuildFile; fileRef = BB0ABE1D292A7F4E00280336 /* Assets.xcassets */; };
		BB0ABE21292A7F4E00280336 /* LaunchScreen.storyboard in Resources */ = {isa = PBXBuildFile; fileRef = BB0ABE1F292A7F4E00280336 /* LaunchScreen.storyboard */; };
		BB9AEAF6292AAA0000294B3F /* SceneDelegateTests.swift in Sources */ = {isa = PBXBuildFile; fileRef = BB9AEAF5292AAA0000294B3F /* SceneDelegateTests.swift */; };
		BB9AEAFA292AAD3A00294B3F /* Essential_Art_iOS.framework in Frameworks */ = {isa = PBXBuildFile; fileRef = BB9AEAF8292AAD3A00294B3F /* Essential_Art_iOS.framework */; };
		BB9AEAFB292AAD3A00294B3F /* Essential_Art_iOS.framework in Embed Frameworks */ = {isa = PBXBuildFile; fileRef = BB9AEAF8292AAD3A00294B3F /* Essential_Art_iOS.framework */; settings = {ATTRIBUTES = (CodeSignOnCopy, RemoveHeadersOnCopy, ); }; };
		BB9AEAFC292AAD3A00294B3F /* Essential_Art.framework in Frameworks */ = {isa = PBXBuildFile; fileRef = BB9AEAF9292AAD3A00294B3F /* Essential_Art.framework */; };
		BB9AEAFD292AAD3A00294B3F /* Essential_Art.framework in Embed Frameworks */ = {isa = PBXBuildFile; fileRef = BB9AEAF9292AAD3A00294B3F /* Essential_Art.framework */; settings = {ATTRIBUTES = (CodeSignOnCopy, RemoveHeadersOnCopy, ); }; };
		BB9AEB00292AAE8C00294B3F /* ArtworksUIComposer.swift in Sources */ = {isa = PBXBuildFile; fileRef = BB9AEAFF292AAE8C00294B3F /* ArtworksUIComposer.swift */; };
		BB9AEB02292AAF0500294B3F /* ArtworksUIIntegrationTests.swift in Sources */ = {isa = PBXBuildFile; fileRef = BB9AEB01292AAF0500294B3F /* ArtworksUIIntegrationTests.swift */; };
		BB9AEB04292AB44500294B3F /* LoadResourcePresentationAdapter.swift in Sources */ = {isa = PBXBuildFile; fileRef = BB9AEB03292AB44500294B3F /* LoadResourcePresentationAdapter.swift */; };
		BB9AEB07292ABA7100294B3F /* UIRefreshControler+TestHelpers.swift in Sources */ = {isa = PBXBuildFile; fileRef = BB9AEB06292ABA7100294B3F /* UIRefreshControler+TestHelpers.swift */; };
		BB9AEB09292ABA9000294B3F /* UIControl+TestHelpers.swift in Sources */ = {isa = PBXBuildFile; fileRef = BB9AEB08292ABA9000294B3F /* UIControl+TestHelpers.swift */; };
		BB9AEB11292ACC4800294B3F /* WeakRefVirtualProxy.swift in Sources */ = {isa = PBXBuildFile; fileRef = BB9AEB10292ACC4800294B3F /* WeakRefVirtualProxy.swift */; };
		BB9AEB13292ACC6100294B3F /* ArtworksViewAdapter.swift in Sources */ = {isa = PBXBuildFile; fileRef = BB9AEB12292ACC6100294B3F /* ArtworksViewAdapter.swift */; };
		BB9AEB15292ACC7400294B3F /* CombineHelpers.swift in Sources */ = {isa = PBXBuildFile; fileRef = BB9AEB14292ACC7400294B3F /* CombineHelpers.swift */; };
		BB9AEB19292B90E500294B3F /* UIView+TestHelpers.swift in Sources */ = {isa = PBXBuildFile; fileRef = BB9AEB18292B90E500294B3F /* UIView+TestHelpers.swift */; };
		BB9AEB1B292BEE4A00294B3F /* XCTestCase+TestHelpers.swift in Sources */ = {isa = PBXBuildFile; fileRef = BB9AEB1A292BEE4A00294B3F /* XCTestCase+TestHelpers.swift */; };
		BB9AEB21292C098800294B3F /* NullStore.swift in Sources */ = {isa = PBXBuildFile; fileRef = BB9AEB20292C098800294B3F /* NullStore.swift */; };
/* End PBXBuildFile section */

/* Begin PBXContainerItemProxy section */
		BB0ABE67292AA97E00280336 /* PBXContainerItemProxy */ = {
			isa = PBXContainerItemProxy;
			containerPortal = BB0ABE09292A7F4D00280336 /* Project object */;
			proxyType = 1;
			remoteGlobalIDString = BB0ABE10292A7F4D00280336;
			remoteInfo = "Essential Art App";
		};
/* End PBXContainerItemProxy section */

/* Begin PBXCopyFilesBuildPhase section */
		BB9AEAFE292AAD3A00294B3F /* Embed Frameworks */ = {
			isa = PBXCopyFilesBuildPhase;
			buildActionMask = 2147483647;
			dstPath = "";
			dstSubfolderSpec = 10;
			files = (
				BB9AEAFB292AAD3A00294B3F /* Essential_Art_iOS.framework in Embed Frameworks */,
				BB9AEAFD292AAD3A00294B3F /* Essential_Art.framework in Embed Frameworks */,
			);
			name = "Embed Frameworks";
			runOnlyForDeploymentPostprocessing = 0;
		};
/* End PBXCopyFilesBuildPhase section */

/* Begin PBXFileReference section */
		BB0ABE11292A7F4D00280336 /* Essential Art App.app */ = {isa = PBXFileReference; explicitFileType = wrapper.application; includeInIndex = 0; path = "Essential Art App.app"; sourceTree = BUILT_PRODUCTS_DIR; };
		BB0ABE14292A7F4D00280336 /* AppDelegate.swift */ = {isa = PBXFileReference; lastKnownFileType = sourcecode.swift; path = AppDelegate.swift; sourceTree = "<group>"; };
		BB0ABE16292A7F4D00280336 /* SceneDelegate.swift */ = {isa = PBXFileReference; lastKnownFileType = sourcecode.swift; path = SceneDelegate.swift; sourceTree = "<group>"; };
		BB0ABE18292A7F4D00280336 /* ViewController.swift */ = {isa = PBXFileReference; lastKnownFileType = sourcecode.swift; path = ViewController.swift; sourceTree = "<group>"; };
		BB0ABE1D292A7F4E00280336 /* Assets.xcassets */ = {isa = PBXFileReference; lastKnownFileType = folder.assetcatalog; path = Assets.xcassets; sourceTree = "<group>"; };
		BB0ABE20292A7F4E00280336 /* Base */ = {isa = PBXFileReference; lastKnownFileType = file.storyboard; name = Base; path = Base.lproj/LaunchScreen.storyboard; sourceTree = "<group>"; };
		BB0ABE22292A7F4E00280336 /* Info.plist */ = {isa = PBXFileReference; lastKnownFileType = text.plist.xml; path = Info.plist; sourceTree = "<group>"; };
		BB0ABE63292AA97E00280336 /* Essential Art AppTests.xctest */ = {isa = PBXFileReference; explicitFileType = wrapper.cfbundle; includeInIndex = 0; path = "Essential Art AppTests.xctest"; sourceTree = BUILT_PRODUCTS_DIR; };
		BB9AEAF5292AAA0000294B3F /* SceneDelegateTests.swift */ = {isa = PBXFileReference; lastKnownFileType = sourcecode.swift; path = SceneDelegateTests.swift; sourceTree = "<group>"; };
		BB9AEAF8292AAD3A00294B3F /* Essential_Art_iOS.framework */ = {isa = PBXFileReference; explicitFileType = wrapper.framework; path = Essential_Art_iOS.framework; sourceTree = BUILT_PRODUCTS_DIR; };
		BB9AEAF9292AAD3A00294B3F /* Essential_Art.framework */ = {isa = PBXFileReference; explicitFileType = wrapper.framework; path = Essential_Art.framework; sourceTree = BUILT_PRODUCTS_DIR; };
		BB9AEAFF292AAE8C00294B3F /* ArtworksUIComposer.swift */ = {isa = PBXFileReference; lastKnownFileType = sourcecode.swift; path = ArtworksUIComposer.swift; sourceTree = "<group>"; };
		BB9AEB01292AAF0500294B3F /* ArtworksUIIntegrationTests.swift */ = {isa = PBXFileReference; lastKnownFileType = sourcecode.swift; path = ArtworksUIIntegrationTests.swift; sourceTree = "<group>"; };
		BB9AEB03292AB44500294B3F /* LoadResourcePresentationAdapter.swift */ = {isa = PBXFileReference; lastKnownFileType = sourcecode.swift; path = LoadResourcePresentationAdapter.swift; sourceTree = "<group>"; };
		BB9AEB06292ABA7100294B3F /* UIRefreshControler+TestHelpers.swift */ = {isa = PBXFileReference; lastKnownFileType = sourcecode.swift; path = "UIRefreshControler+TestHelpers.swift"; sourceTree = "<group>"; };
		BB9AEB08292ABA9000294B3F /* UIControl+TestHelpers.swift */ = {isa = PBXFileReference; lastKnownFileType = sourcecode.swift; path = "UIControl+TestHelpers.swift"; sourceTree = "<group>"; };
		BB9AEB10292ACC4800294B3F /* WeakRefVirtualProxy.swift */ = {isa = PBXFileReference; lastKnownFileType = sourcecode.swift; path = WeakRefVirtualProxy.swift; sourceTree = "<group>"; };
		BB9AEB12292ACC6100294B3F /* ArtworksViewAdapter.swift */ = {isa = PBXFileReference; lastKnownFileType = sourcecode.swift; path = ArtworksViewAdapter.swift; sourceTree = "<group>"; };
		BB9AEB14292ACC7400294B3F /* CombineHelpers.swift */ = {isa = PBXFileReference; lastKnownFileType = sourcecode.swift; path = CombineHelpers.swift; sourceTree = "<group>"; };
		BB9AEB18292B90E500294B3F /* UIView+TestHelpers.swift */ = {isa = PBXFileReference; lastKnownFileType = sourcecode.swift; path = "UIView+TestHelpers.swift"; sourceTree = "<group>"; };
		BB9AEB1A292BEE4A00294B3F /* XCTestCase+TestHelpers.swift */ = {isa = PBXFileReference; lastKnownFileType = sourcecode.swift; path = "XCTestCase+TestHelpers.swift"; sourceTree = "<group>"; };
		BB9AEB20292C098800294B3F /* NullStore.swift */ = {isa = PBXFileReference; lastKnownFileType = sourcecode.swift; path = NullStore.swift; sourceTree = "<group>"; };
/* End PBXFileReference section */

/* Begin PBXFrameworksBuildPhase section */
		BB0ABE0E292A7F4D00280336 /* Frameworks */ = {
			isa = PBXFrameworksBuildPhase;
			buildActionMask = 2147483647;
			files = (
				BB9AEAFA292AAD3A00294B3F /* Essential_Art_iOS.framework in Frameworks */,
				BB9AEAFC292AAD3A00294B3F /* Essential_Art.framework in Frameworks */,
			);
			runOnlyForDeploymentPostprocessing = 0;
		};
		BB0ABE60292AA97E00280336 /* Frameworks */ = {
			isa = PBXFrameworksBuildPhase;
			buildActionMask = 2147483647;
			files = (
			);
			runOnlyForDeploymentPostprocessing = 0;
		};
/* End PBXFrameworksBuildPhase section */

/* Begin PBXGroup section */
		BB0ABE08292A7F4D00280336 = {
			isa = PBXGroup;
			children = (
				BB0ABE13292A7F4D00280336 /* Essential Art App */,
				BB0ABE64292AA97E00280336 /* Essential Art AppTests */,
				BB0ABE12292A7F4D00280336 /* Products */,
				BB9AEAF7292AAD3A00294B3F /* Frameworks */,
			);
			sourceTree = "<group>";
		};
		BB0ABE12292A7F4D00280336 /* Products */ = {
			isa = PBXGroup;
			children = (
				BB0ABE11292A7F4D00280336 /* Essential Art App.app */,
				BB0ABE63292AA97E00280336 /* Essential Art AppTests.xctest */,
			);
			name = Products;
			sourceTree = "<group>";
		};
		BB0ABE13292A7F4D00280336 /* Essential Art App */ = {
			isa = PBXGroup;
			children = (
				BB9AEAFF292AAE8C00294B3F /* ArtworksUIComposer.swift */,
				BB9AEB12292ACC6100294B3F /* ArtworksViewAdapter.swift */,
				BB0ABE14292A7F4D00280336 /* AppDelegate.swift */,
				BB9AEB14292ACC7400294B3F /* CombineHelpers.swift */,
				BB0ABE16292A7F4D00280336 /* SceneDelegate.swift */,
				BB0ABE18292A7F4D00280336 /* ViewController.swift */,
				BB0ABE1D292A7F4E00280336 /* Assets.xcassets */,
				BB0ABE1F292A7F4E00280336 /* LaunchScreen.storyboard */,
				BB0ABE22292A7F4E00280336 /* Info.plist */,
				BB9AEB03292AB44500294B3F /* LoadResourcePresentationAdapter.swift */,
				BB9AEB10292ACC4800294B3F /* WeakRefVirtualProxy.swift */,
				BB9AEB20292C098800294B3F /* NullStore.swift */,
			);
			path = "Essential Art App";
			sourceTree = "<group>";
		};
		BB0ABE64292AA97E00280336 /* Essential Art AppTests */ = {
			isa = PBXGroup;
			children = (
				BB9AEB05292ABA5F00294B3F /* Helpers */,
				BB9AEB01292AAF0500294B3F /* ArtworksUIIntegrationTests.swift */,
				BB9AEAF5292AAA0000294B3F /* SceneDelegateTests.swift */,
			);
			path = "Essential Art AppTests";
			sourceTree = "<group>";
		};
		BB9AEAF7292AAD3A00294B3F /* Frameworks */ = {
			isa = PBXGroup;
			children = (
				BB9AEAF8292AAD3A00294B3F /* Essential_Art_iOS.framework */,
				BB9AEAF9292AAD3A00294B3F /* Essential_Art.framework */,
			);
			name = Frameworks;
			sourceTree = "<group>";
		};
		BB9AEB05292ABA5F00294B3F /* Helpers */ = {
			isa = PBXGroup;
			children = (
				BB9AEB06292ABA7100294B3F /* UIRefreshControler+TestHelpers.swift */,
				BB9AEB08292ABA9000294B3F /* UIControl+TestHelpers.swift */,
				BB9AEB18292B90E500294B3F /* UIView+TestHelpers.swift */,
				BB9AEB1A292BEE4A00294B3F /* XCTestCase+TestHelpers.swift */,
			);
			path = Helpers;
			sourceTree = "<group>";
		};
/* End PBXGroup section */

/* Begin PBXNativeTarget section */
		BB0ABE10292A7F4D00280336 /* Essential Art App */ = {
			isa = PBXNativeTarget;
			buildConfigurationList = BB0ABE25292A7F4E00280336 /* Build configuration list for PBXNativeTarget "Essential Art App" */;
			buildPhases = (
				BB0ABE0D292A7F4D00280336 /* Sources */,
				BB0ABE0E292A7F4D00280336 /* Frameworks */,
				BB0ABE0F292A7F4D00280336 /* Resources */,
				BB9AEAFE292AAD3A00294B3F /* Embed Frameworks */,
			);
			buildRules = (
			);
			dependencies = (
			);
			name = "Essential Art App";
			productName = "Essential Art App";
			productReference = BB0ABE11292A7F4D00280336 /* Essential Art App.app */;
			productType = "com.apple.product-type.application";
		};
		BB0ABE62292AA97E00280336 /* Essential Art AppTests */ = {
			isa = PBXNativeTarget;
			buildConfigurationList = BB0ABE6B292AA97E00280336 /* Build configuration list for PBXNativeTarget "Essential Art AppTests" */;
			buildPhases = (
				BB0ABE5F292AA97E00280336 /* Sources */,
				BB0ABE60292AA97E00280336 /* Frameworks */,
				BB0ABE61292AA97E00280336 /* Resources */,
			);
			buildRules = (
			);
			dependencies = (
				BB0ABE68292AA97E00280336 /* PBXTargetDependency */,
			);
			name = "Essential Art AppTests";
			productName = "Essential Art AppTests";
			productReference = BB0ABE63292AA97E00280336 /* Essential Art AppTests.xctest */;
			productType = "com.apple.product-type.bundle.unit-test";
		};
/* End PBXNativeTarget section */

/* Begin PBXProject section */
		BB0ABE09292A7F4D00280336 /* Project object */ = {
			isa = PBXProject;
			attributes = {
				BuildIndependentTargetsInParallel = 1;
				LastSwiftUpdateCheck = 1340;
				LastUpgradeCheck = 1340;
				TargetAttributes = {
					BB0ABE10292A7F4D00280336 = {
						CreatedOnToolsVersion = 13.4.1;
					};
					BB0ABE62292AA97E00280336 = {
						CreatedOnToolsVersion = 13.4.1;
						LastSwiftMigration = 1340;
						TestTargetID = BB0ABE10292A7F4D00280336;
					};
				};
			};
			buildConfigurationList = BB0ABE0C292A7F4D00280336 /* Build configuration list for PBXProject "Essential Art App" */;
			compatibilityVersion = "Xcode 13.0";
			developmentRegion = en;
			hasScannedForEncodings = 0;
			knownRegions = (
				en,
				Base,
			);
			mainGroup = BB0ABE08292A7F4D00280336;
			productRefGroup = BB0ABE12292A7F4D00280336 /* Products */;
			projectDirPath = "";
			projectRoot = "";
			targets = (
				BB0ABE10292A7F4D00280336 /* Essential Art App */,
				BB0ABE62292AA97E00280336 /* Essential Art AppTests */,
			);
		};
/* End PBXProject section */

/* Begin PBXResourcesBuildPhase section */
		BB0ABE0F292A7F4D00280336 /* Resources */ = {
			isa = PBXResourcesBuildPhase;
			buildActionMask = 2147483647;
			files = (
				BB0ABE21292A7F4E00280336 /* LaunchScreen.storyboard in Resources */,
				BB0ABE1E292A7F4E00280336 /* Assets.xcassets in Resources */,
			);
			runOnlyForDeploymentPostprocessing = 0;
		};
		BB0ABE61292AA97E00280336 /* Resources */ = {
			isa = PBXResourcesBuildPhase;
			buildActionMask = 2147483647;
			files = (
			);
			runOnlyForDeploymentPostprocessing = 0;
		};
/* End PBXResourcesBuildPhase section */

/* Begin PBXSourcesBuildPhase section */
		BB0ABE0D292A7F4D00280336 /* Sources */ = {
			isa = PBXSourcesBuildPhase;
			buildActionMask = 2147483647;
			files = (
				BB0ABE19292A7F4D00280336 /* ViewController.swift in Sources */,
				BB0ABE15292A7F4D00280336 /* AppDelegate.swift in Sources */,
				BB9AEB04292AB44500294B3F /* LoadResourcePresentationAdapter.swift in Sources */,
				BB9AEB21292C098800294B3F /* NullStore.swift in Sources */,
				BB9AEB00292AAE8C00294B3F /* ArtworksUIComposer.swift in Sources */,
				BB9AEB13292ACC6100294B3F /* ArtworksViewAdapter.swift in Sources */,
				BB9AEB11292ACC4800294B3F /* WeakRefVirtualProxy.swift in Sources */,
				BB0ABE17292A7F4D00280336 /* SceneDelegate.swift in Sources */,
				BB9AEB15292ACC7400294B3F /* CombineHelpers.swift in Sources */,
			);
			runOnlyForDeploymentPostprocessing = 0;
		};
		BB0ABE5F292AA97E00280336 /* Sources */ = {
			isa = PBXSourcesBuildPhase;
			buildActionMask = 2147483647;
			files = (
				BB9AEB1B292BEE4A00294B3F /* XCTestCase+TestHelpers.swift in Sources */,
				BB9AEB02292AAF0500294B3F /* ArtworksUIIntegrationTests.swift in Sources */,
				BB9AEAF6292AAA0000294B3F /* SceneDelegateTests.swift in Sources */,
				BB9AEB07292ABA7100294B3F /* UIRefreshControler+TestHelpers.swift in Sources */,
				BB9AEB19292B90E500294B3F /* UIView+TestHelpers.swift in Sources */,
				BB9AEB09292ABA9000294B3F /* UIControl+TestHelpers.swift in Sources */,
			);
			runOnlyForDeploymentPostprocessing = 0;
		};
/* End PBXSourcesBuildPhase section */

/* Begin PBXTargetDependency section */
		BB0ABE68292AA97E00280336 /* PBXTargetDependency */ = {
			isa = PBXTargetDependency;
			target = BB0ABE10292A7F4D00280336 /* Essential Art App */;
			targetProxy = BB0ABE67292AA97E00280336 /* PBXContainerItemProxy */;
		};
/* End PBXTargetDependency section */

/* Begin PBXVariantGroup section */
		BB0ABE1F292A7F4E00280336 /* LaunchScreen.storyboard */ = {
			isa = PBXVariantGroup;
			children = (
				BB0ABE20292A7F4E00280336 /* Base */,
			);
			name = LaunchScreen.storyboard;
			sourceTree = "<group>";
		};
/* End PBXVariantGroup section */

/* Begin XCBuildConfiguration section */
		BB0ABE23292A7F4E00280336 /* Debug */ = {
			isa = XCBuildConfiguration;
			buildSettings = {
				ALWAYS_SEARCH_USER_PATHS = NO;
				CLANG_ANALYZER_NONNULL = YES;
				CLANG_ANALYZER_NUMBER_OBJECT_CONVERSION = YES_AGGRESSIVE;
				CLANG_CXX_LANGUAGE_STANDARD = "gnu++17";
				CLANG_ENABLE_MODULES = YES;
				CLANG_ENABLE_OBJC_ARC = YES;
				CLANG_ENABLE_OBJC_WEAK = YES;
				CLANG_WARN_BLOCK_CAPTURE_AUTORELEASING = YES;
				CLANG_WARN_BOOL_CONVERSION = YES;
				CLANG_WARN_COMMA = YES;
				CLANG_WARN_CONSTANT_CONVERSION = YES;
				CLANG_WARN_DEPRECATED_OBJC_IMPLEMENTATIONS = YES;
				CLANG_WARN_DIRECT_OBJC_ISA_USAGE = YES_ERROR;
				CLANG_WARN_DOCUMENTATION_COMMENTS = YES;
				CLANG_WARN_EMPTY_BODY = YES;
				CLANG_WARN_ENUM_CONVERSION = YES;
				CLANG_WARN_INFINITE_RECURSION = YES;
				CLANG_WARN_INT_CONVERSION = YES;
				CLANG_WARN_NON_LITERAL_NULL_CONVERSION = YES;
				CLANG_WARN_OBJC_IMPLICIT_RETAIN_SELF = YES;
				CLANG_WARN_OBJC_LITERAL_CONVERSION = YES;
				CLANG_WARN_OBJC_ROOT_CLASS = YES_ERROR;
				CLANG_WARN_QUOTED_INCLUDE_IN_FRAMEWORK_HEADER = YES;
				CLANG_WARN_RANGE_LOOP_ANALYSIS = YES;
				CLANG_WARN_STRICT_PROTOTYPES = YES;
				CLANG_WARN_SUSPICIOUS_MOVE = YES;
				CLANG_WARN_UNGUARDED_AVAILABILITY = YES_AGGRESSIVE;
				CLANG_WARN_UNREACHABLE_CODE = YES;
				CLANG_WARN__DUPLICATE_METHOD_MATCH = YES;
				COPY_PHASE_STRIP = NO;
				DEBUG_INFORMATION_FORMAT = dwarf;
				ENABLE_STRICT_OBJC_MSGSEND = YES;
				ENABLE_TESTABILITY = YES;
				GCC_C_LANGUAGE_STANDARD = gnu11;
				GCC_DYNAMIC_NO_PIC = NO;
				GCC_NO_COMMON_BLOCKS = YES;
				GCC_OPTIMIZATION_LEVEL = 0;
				GCC_PREPROCESSOR_DEFINITIONS = (
					"DEBUG=1",
					"$(inherited)",
				);
				GCC_WARN_64_TO_32_BIT_CONVERSION = YES;
				GCC_WARN_ABOUT_RETURN_TYPE = YES_ERROR;
				GCC_WARN_UNDECLARED_SELECTOR = YES;
				GCC_WARN_UNINITIALIZED_AUTOS = YES_AGGRESSIVE;
				GCC_WARN_UNUSED_FUNCTION = YES;
				GCC_WARN_UNUSED_VARIABLE = YES;
				IPHONEOS_DEPLOYMENT_TARGET = 15.5;
				MTL_ENABLE_DEBUG_INFO = INCLUDE_SOURCE;
				MTL_FAST_MATH = YES;
				ONLY_ACTIVE_ARCH = YES;
				SDKROOT = iphoneos;
				SWIFT_ACTIVE_COMPILATION_CONDITIONS = DEBUG;
				SWIFT_OPTIMIZATION_LEVEL = "-Onone";
			};
			name = Debug;
		};
		BB0ABE24292A7F4E00280336 /* Release */ = {
			isa = XCBuildConfiguration;
			buildSettings = {
				ALWAYS_SEARCH_USER_PATHS = NO;
				CLANG_ANALYZER_NONNULL = YES;
				CLANG_ANALYZER_NUMBER_OBJECT_CONVERSION = YES_AGGRESSIVE;
				CLANG_CXX_LANGUAGE_STANDARD = "gnu++17";
				CLANG_ENABLE_MODULES = YES;
				CLANG_ENABLE_OBJC_ARC = YES;
				CLANG_ENABLE_OBJC_WEAK = YES;
				CLANG_WARN_BLOCK_CAPTURE_AUTORELEASING = YES;
				CLANG_WARN_BOOL_CONVERSION = YES;
				CLANG_WARN_COMMA = YES;
				CLANG_WARN_CONSTANT_CONVERSION = YES;
				CLANG_WARN_DEPRECATED_OBJC_IMPLEMENTATIONS = YES;
				CLANG_WARN_DIRECT_OBJC_ISA_USAGE = YES_ERROR;
				CLANG_WARN_DOCUMENTATION_COMMENTS = YES;
				CLANG_WARN_EMPTY_BODY = YES;
				CLANG_WARN_ENUM_CONVERSION = YES;
				CLANG_WARN_INFINITE_RECURSION = YES;
				CLANG_WARN_INT_CONVERSION = YES;
				CLANG_WARN_NON_LITERAL_NULL_CONVERSION = YES;
				CLANG_WARN_OBJC_IMPLICIT_RETAIN_SELF = YES;
				CLANG_WARN_OBJC_LITERAL_CONVERSION = YES;
				CLANG_WARN_OBJC_ROOT_CLASS = YES_ERROR;
				CLANG_WARN_QUOTED_INCLUDE_IN_FRAMEWORK_HEADER = YES;
				CLANG_WARN_RANGE_LOOP_ANALYSIS = YES;
				CLANG_WARN_STRICT_PROTOTYPES = YES;
				CLANG_WARN_SUSPICIOUS_MOVE = YES;
				CLANG_WARN_UNGUARDED_AVAILABILITY = YES_AGGRESSIVE;
				CLANG_WARN_UNREACHABLE_CODE = YES;
				CLANG_WARN__DUPLICATE_METHOD_MATCH = YES;
				COPY_PHASE_STRIP = NO;
				DEBUG_INFORMATION_FORMAT = "dwarf-with-dsym";
				ENABLE_NS_ASSERTIONS = NO;
				ENABLE_STRICT_OBJC_MSGSEND = YES;
				GCC_C_LANGUAGE_STANDARD = gnu11;
				GCC_NO_COMMON_BLOCKS = YES;
				GCC_WARN_64_TO_32_BIT_CONVERSION = YES;
				GCC_WARN_ABOUT_RETURN_TYPE = YES_ERROR;
				GCC_WARN_UNDECLARED_SELECTOR = YES;
				GCC_WARN_UNINITIALIZED_AUTOS = YES_AGGRESSIVE;
				GCC_WARN_UNUSED_FUNCTION = YES;
				GCC_WARN_UNUSED_VARIABLE = YES;
				IPHONEOS_DEPLOYMENT_TARGET = 15.5;
				MTL_ENABLE_DEBUG_INFO = NO;
				MTL_FAST_MATH = YES;
				SDKROOT = iphoneos;
				SWIFT_COMPILATION_MODE = wholemodule;
				SWIFT_OPTIMIZATION_LEVEL = "-O";
				VALIDATE_PRODUCT = YES;
			};
			name = Release;
		};
		BB0ABE26292A7F4E00280336 /* Debug */ = {
			isa = XCBuildConfiguration;
			buildSettings = {
				ASSETCATALOG_COMPILER_APPICON_NAME = AppIcon;
				ASSETCATALOG_COMPILER_GLOBAL_ACCENT_COLOR_NAME = AccentColor;
				CODE_SIGN_STYLE = Automatic;
				CURRENT_PROJECT_VERSION = 1;
				DEVELOPMENT_TEAM = S7242VTUBZ;
				GENERATE_INFOPLIST_FILE = YES;
				INFOPLIST_FILE = "Essential Art App/Info.plist";
				INFOPLIST_KEY_UIApplicationSupportsIndirectInputEvents = YES;
				INFOPLIST_KEY_UILaunchStoryboardName = LaunchScreen;
				INFOPLIST_KEY_UISupportedInterfaceOrientations_iPad = "UIInterfaceOrientationPortrait UIInterfaceOrientationPortraitUpsideDown UIInterfaceOrientationLandscapeLeft UIInterfaceOrientationLandscapeRight";
				INFOPLIST_KEY_UISupportedInterfaceOrientations_iPhone = "UIInterfaceOrientationPortrait UIInterfaceOrientationLandscapeLeft UIInterfaceOrientationLandscapeRight";
				LD_RUNPATH_SEARCH_PATHS = (
					"$(inherited)",
					"@executable_path/Frameworks",
				);
				MARKETING_VERSION = 1.0;
				PRODUCT_BUNDLE_IDENTIFIER = "com.konstantin.bezzemelnyi.Essential-Art-App";
				PRODUCT_NAME = "$(TARGET_NAME)";
				SWIFT_EMIT_LOC_STRINGS = YES;
				SWIFT_VERSION = 5.0;
				TARGETED_DEVICE_FAMILY = "1,2";
			};
			name = Debug;
		};
		BB0ABE27292A7F4E00280336 /* Release */ = {
			isa = XCBuildConfiguration;
			buildSettings = {
				ASSETCATALOG_COMPILER_APPICON_NAME = AppIcon;
				ASSETCATALOG_COMPILER_GLOBAL_ACCENT_COLOR_NAME = AccentColor;
				CODE_SIGN_STYLE = Automatic;
				CURRENT_PROJECT_VERSION = 1;
				DEVELOPMENT_TEAM = S7242VTUBZ;
				GENERATE_INFOPLIST_FILE = YES;
				INFOPLIST_FILE = "Essential Art App/Info.plist";
				INFOPLIST_KEY_UIApplicationSupportsIndirectInputEvents = YES;
				INFOPLIST_KEY_UILaunchStoryboardName = LaunchScreen;
				INFOPLIST_KEY_UISupportedInterfaceOrientations_iPad = "UIInterfaceOrientationPortrait UIInterfaceOrientationPortraitUpsideDown UIInterfaceOrientationLandscapeLeft UIInterfaceOrientationLandscapeRight";
				INFOPLIST_KEY_UISupportedInterfaceOrientations_iPhone = "UIInterfaceOrientationPortrait UIInterfaceOrientationLandscapeLeft UIInterfaceOrientationLandscapeRight";
				LD_RUNPATH_SEARCH_PATHS = (
					"$(inherited)",
					"@executable_path/Frameworks",
				);
				MARKETING_VERSION = 1.0;
				PRODUCT_BUNDLE_IDENTIFIER = "com.konstantin.bezzemelnyi.Essential-Art-App";
				PRODUCT_NAME = "$(TARGET_NAME)";
				SWIFT_EMIT_LOC_STRINGS = YES;
				SWIFT_VERSION = 5.0;
				TARGETED_DEVICE_FAMILY = "1,2";
			};
			name = Release;
		};
		BB0ABE69292AA97E00280336 /* Debug */ = {
			isa = XCBuildConfiguration;
			buildSettings = {
				BUNDLE_LOADER = "$(TEST_HOST)";
				CLANG_ENABLE_MODULES = YES;
				CODE_SIGN_STYLE = Automatic;
				CURRENT_PROJECT_VERSION = 1;
				DEVELOPMENT_TEAM = S7242VTUBZ;
				GENERATE_INFOPLIST_FILE = YES;
				LD_RUNPATH_SEARCH_PATHS = (
					"$(inherited)",
					"@executable_path/Frameworks",
					"@loader_path/Frameworks",
				);
				MARKETING_VERSION = 1.0;
				PRODUCT_BUNDLE_IDENTIFIER = "com.konstantin.bezzemelnyi.Essential-Art-AppTests";
				PRODUCT_NAME = "$(TARGET_NAME)";
				SWIFT_EMIT_LOC_STRINGS = NO;
				SWIFT_OPTIMIZATION_LEVEL = "-Onone";
				SWIFT_VERSION = 5.0;
				TARGETED_DEVICE_FAMILY = "1,2";
				TEST_HOST = "$(BUILT_PRODUCTS_DIR)/Essential Art App.app/Essential Art App";
			};
			name = Debug;
		};
		BB0ABE6A292AA97E00280336 /* Release */ = {
			isa = XCBuildConfiguration;
			buildSettings = {
				BUNDLE_LOADER = "$(TEST_HOST)";
				CLANG_ENABLE_MODULES = YES;
				CODE_SIGN_STYLE = Automatic;
				CURRENT_PROJECT_VERSION = 1;
				DEVELOPMENT_TEAM = S7242VTUBZ;
				GENERATE_INFOPLIST_FILE = YES;
				LD_RUNPATH_SEARCH_PATHS = (
					"$(inherited)",
					"@executable_path/Frameworks",
					"@loader_path/Frameworks",
				);
				MARKETING_VERSION = 1.0;
				PRODUCT_BUNDLE_IDENTIFIER = "com.konstantin.bezzemelnyi.Essential-Art-AppTests";
				PRODUCT_NAME = "$(TARGET_NAME)";
				SWIFT_EMIT_LOC_STRINGS = NO;
				SWIFT_VERSION = 5.0;
				TARGETED_DEVICE_FAMILY = "1,2";
				TEST_HOST = "$(BUILT_PRODUCTS_DIR)/Essential Art App.app/Essential Art App";
			};
			name = Release;
		};
/* End XCBuildConfiguration section */

/* Begin XCConfigurationList section */
		BB0ABE0C292A7F4D00280336 /* Build configuration list for PBXProject "Essential Art App" */ = {
			isa = XCConfigurationList;
			buildConfigurations = (
				BB0ABE23292A7F4E00280336 /* Debug */,
				BB0ABE24292A7F4E00280336 /* Release */,
			);
			defaultConfigurationIsVisible = 0;
			defaultConfigurationName = Release;
		};
		BB0ABE25292A7F4E00280336 /* Build configuration list for PBXNativeTarget "Essential Art App" */ = {
			isa = XCConfigurationList;
			buildConfigurations = (
				BB0ABE26292A7F4E00280336 /* Debug */,
				BB0ABE27292A7F4E00280336 /* Release */,
			);
			defaultConfigurationIsVisible = 0;
			defaultConfigurationName = Release;
		};
		BB0ABE6B292AA97E00280336 /* Build configuration list for PBXNativeTarget "Essential Art AppTests" */ = {
			isa = XCConfigurationList;
			buildConfigurations = (
				BB0ABE69292AA97E00280336 /* Debug */,
				BB0ABE6A292AA97E00280336 /* Release */,
			);
			defaultConfigurationIsVisible = 0;
			defaultConfigurationName = Release;
		};
/* End XCConfigurationList section */
	};
	rootObject = BB0ABE09292A7F4D00280336 /* Project object */;
}
